
Microsoft Visual Studio Solution File, Format Version 12.00
# Visual Studio 2013
VisualStudioVersion = 12.0.40629.0
MinimumVisualStudioVersion = 10.0.40219.1
Project("{2150E333-8FDC-42A3-9474-1A3956D46DE8}") = "Kernel", "Kernel", "{623B7546-CB66-4B2B-B730-D5A19AA558B0}"
EndProject
Project("{2150E333-8FDC-42A3-9474-1A3956D46DE8}") = "Compiler", "Compiler", "{4D38C232-FA9C-4CB0-A91E-D0A9E0E01BF0}"
EndProject
Project("{FAE04EC0-301F-11D3-BF4B-00C04F79EFBC}") = "Kernel.Compiler", "Kernel\Compiler\Kernel.Compiler.csproj", "{061E5F53-5EFF-4E12-94EE-9E18459E5CF4}"
EndProject
Project("{FAE04EC0-301F-11D3-BF4B-00C04F79EFBC}") = "Kernel.Compiler.App", "Kernel\Compiler\App\Kernel.Compiler.App.csproj", "{B8F06B4D-C068-4802-8E06-02022F955D7B}"
	ProjectSection(ProjectDependencies) = postProject
		{FB67CEE3-2563-43D2-9124-E1357B836CEB} = {FB67CEE3-2563-43D2-9124-E1357B836CEB}
	EndProjectSection
EndProject
Project("{2150E333-8FDC-42A3-9474-1A3956D46DE8}") = "Architectures", "Architectures", "{C7A0D7C2-2AE8-4B13-BB95-AAB3ABADC277}"
EndProject
Project("{2150E333-8FDC-42A3-9474-1A3956D46DE8}") = "Libraries", "Libraries", "{4A8B3E99-15F3-4567-BDDB-11F4057DC3BF}"
EndProject
Project("{FAE04EC0-301F-11D3-BF4B-00C04F79EFBC}") = "Kernel.FOS_System", "Kernel\Libraries\Kernel.FOS_System\Kernel.FOS_System.csproj", "{66C9B617-B6D9-4006-A7F9-E1DF62ED30AD}"
	ProjectSection(ProjectDependencies) = postProject
		{B8F06B4D-C068-4802-8E06-02022F955D7B} = {B8F06B4D-C068-4802-8E06-02022F955D7B}
	EndProjectSection
EndProject
Project("{FAE04EC0-301F-11D3-BF4B-00C04F79EFBC}") = "Kernel", "Kernel\Kernel\Kernel.csproj", "{E4076F67-686F-48E3-A5AF-55B841665F77}"
	ProjectSection(ProjectDependencies) = postProject
		{B8F06B4D-C068-4802-8E06-02022F955D7B} = {B8F06B4D-C068-4802-8E06-02022F955D7B}
		{4A6F3FA1-CA27-442A-AA2E-5C036A54209D} = {4A6F3FA1-CA27-442A-AA2E-5C036A54209D}
	EndProjectSection
EndProject
Project("{FAE04EC0-301F-11D3-BF4B-00C04F79EFBC}") = "Kernel.Compiler.Architectures.x86_32", "Kernel\Compiler\Architectures\x86_32\Kernel.Compiler.Architectures.x86_32.csproj", "{E48F7F1A-9794-4D71-87FE-0711ECD3BEAA}"
EndProject
Project("{2150E333-8FDC-42A3-9474-1A3956D46DE8}") = "Debug", "Debug", "{A270C20D-A8BD-40A1-9A57-2C32C76C47A6}"
EndProject
Project("{FAE04EC0-301F-11D3-BF4B-00C04F79EFBC}") = "Kernel.Debug.Debugger", "Kernel\Debug\Kernel.Debug.Debugger\Kernel.Debug.Debugger.csproj", "{19FEE260-45A1-46DB-AFD8-A5C19B76C3AB}"
EndProject
Project("{FAE04EC0-301F-11D3-BF4B-00C04F79EFBC}") = "Kernel.Debug.Data", "Kernel\Debug\Kernel.Debug.Data\Kernel.Debug.Data.csproj", "{FB67CEE3-2563-43D2-9124-E1357B836CEB}"
EndProject
Project("{2150E333-8FDC-42A3-9474-1A3956D46DE8}") = "Documentation", "Documentation", "{7B991AA0-9085-41C8-8A93-1F75F10A1CD6}"
EndProject
Project("{7CF6DF6D-3B04-46F8-A40B-537D21BCA0B4}") = "Fling OS Documentation Proj", "Documentation\Fling OS Documentation Proj.shfbproj", "{040B4922-9973-4BC6-B63D-11CE1389A86A}"
	ProjectSection(ProjectDependencies) = postProject
		{66C9B617-B6D9-4006-A7F9-E1DF62ED30AD} = {66C9B617-B6D9-4006-A7F9-E1DF62ED30AD}
		{E48F7F1A-9794-4D71-87FE-0711ECD3BEAA} = {E48F7F1A-9794-4D71-87FE-0711ECD3BEAA}
		{F59B042C-435D-48ED-AD7B-23666931A952} = {F59B042C-435D-48ED-AD7B-23666931A952}
		{B8F06B4D-C068-4802-8E06-02022F955D7B} = {B8F06B4D-C068-4802-8E06-02022F955D7B}
		{061E5F53-5EFF-4E12-94EE-9E18459E5CF4} = {061E5F53-5EFF-4E12-94EE-9E18459E5CF4}
		{19FEE260-45A1-46DB-AFD8-A5C19B76C3AB} = {19FEE260-45A1-46DB-AFD8-A5C19B76C3AB}
		{E4076F67-686F-48E3-A5AF-55B841665F77} = {E4076F67-686F-48E3-A5AF-55B841665F77}
		{5C9FDB7D-604E-4927-9D3F-E2C599B20797} = {5C9FDB7D-604E-4927-9D3F-E2C599B20797}
		{FB67CEE3-2563-43D2-9124-E1357B836CEB} = {FB67CEE3-2563-43D2-9124-E1357B836CEB}
	EndProjectSection
EndProject
Project("{2150E333-8FDC-42A3-9474-1A3956D46DE8}") = "Testing", "Testing", "{1A5BFB25-60C1-4E6B-8B97-0E142634929D}"
EndProject
Project("{2150E333-8FDC-42A3-9474-1A3956D46DE8}") = "Kernel", "Kernel", "{710AF840-BF7A-4AE4-AE9A-E02B7CE3EBA9}"
EndProject
Project("{2150E333-8FDC-42A3-9474-1A3956D46DE8}") = "Compiler", "Compiler", "{2887E574-1D83-4427-A58E-FF45D2F7F68B}"
EndProject
Project("{2150E333-8FDC-42A3-9474-1A3956D46DE8}") = "Debug", "Debug", "{5783D7EC-57A7-4331-B376-4CD234680392}"
EndProject
Project("{2150E333-8FDC-42A3-9474-1A3956D46DE8}") = "Libraries", "Libraries", "{A6AF58F6-4962-4DA4-A62F-47D2E6AB37B9}"
EndProject
Project("{2150E333-8FDC-42A3-9474-1A3956D46DE8}") = "Frameworks", "Frameworks", "{F4D9521C-D23B-4D68-B7AC-33B3466019CB}"
EndProject
Project("{FAE04EC0-301F-11D3-BF4B-00C04F79EFBC}") = "Kernel.Hardware", "Kernel\Libraries\Kernel.Hardware\Kernel.Hardware.csproj", "{F59B042C-435D-48ED-AD7B-23666931A952}"
	ProjectSection(ProjectDependencies) = postProject
		{B8F06B4D-C068-4802-8E06-02022F955D7B} = {B8F06B4D-C068-4802-8E06-02022F955D7B}
	EndProjectSection
EndProject
Project("{2150E333-8FDC-42A3-9474-1A3956D46DE8}") = "Tools", "Tools", "{9CC7D8B1-30B5-4099-ADAD-F32067871179}"
EndProject
Project("{2150E333-8FDC-42A3-9474-1A3956D46DE8}") = "Kernel", "Kernel", "{C45DB19D-6041-46C9-B654-BE22EF79D3E5}"
EndProject
Project("{FAE04EC0-301F-11D3-BF4B-00C04F79EFBC}") = "ASM Method Label Builder", "Tools\Kernel\ASM Method Label Builder\ASM Method Label Builder.csproj", "{A58080B9-2E1D-4F12-8ABA-35E4E6E4E3FE}"
EndProject
Project("{FAE04EC0-301F-11D3-BF4B-00C04F79EFBC}") = "Kernel.FOS_System.IO", "Kernel\Libraries\Kernel.FOS_System.IO\Kernel.FOS_System.IO.csproj", "{5C9FDB7D-604E-4927-9D3F-E2C599B20797}"
	ProjectSection(ProjectDependencies) = postProject
		{B8F06B4D-C068-4802-8E06-02022F955D7B} = {B8F06B4D-C068-4802-8E06-02022F955D7B}
		{061E5F53-5EFF-4E12-94EE-9E18459E5CF4} = {061E5F53-5EFF-4E12-94EE-9E18459E5CF4}
	EndProjectSection
EndProject
Project("{FAE04EC0-301F-11D3-BF4B-00C04F79EFBC}") = "Kernel.Core", "Kernel\Libraries\Kernel.Core\Kernel.Core.csproj", "{5BA8A9C9-D4E1-4470-A9E6-2B5657E09140}"
EndProject
Project("{FAE04EC0-301F-11D3-BF4B-00C04F79EFBC}") = "ISO9660Generator", "Kernel\Compiler\ISO9660Generator\ISO9660Generator.csproj", "{AE35B438-A252-40E3-8DB1-AA6FD22AC156}"
EndProject
Project("{2150E333-8FDC-42A3-9474-1A3956D46DE8}") = "Drivers", "Drivers", "{E88A84A4-4FA0-4D4D-9523-C9A24CA4659C}"
EndProject
Project("{2150E333-8FDC-42A3-9474-1A3956D46DE8}") = "Compiler", "Compiler", "{9D0BAF06-26B6-4A5A-9620-CC7EA227C904}"
EndProject
Project("{2150E333-8FDC-42A3-9474-1A3956D46DE8}") = "Libraries", "Libraries", "{92D0A9FC-8A65-4D31-8A13-238D4854CF60}"
EndProject
Project("{2150E333-8FDC-42A3-9474-1A3956D46DE8}") = "Architectures", "Architectures", "{8B0975AB-3B75-458D-94A6-2B263366661B}"
EndProject
Project("{FAE04EC0-301F-11D3-BF4B-00C04F79EFBC}") = "KernelABI", "Kernel\Drivers\Libraries\KernelABI\KernelABI.csproj", "{CDABF909-4548-46EA-9870-A5F79C890962}"
EndProject
Project("{FAE04EC0-301F-11D3-BF4B-00C04F79EFBC}") = "Drivers.Framework", "Kernel\Drivers\Libraries\Drivers.Framework\Drivers.Framework.csproj", "{F9DA529F-D53A-4F0C-9F45-7DDDDC648099}"
EndProject
Project("{FAE04EC0-301F-11D3-BF4B-00C04F79EFBC}") = "Drivers.Compiler.Architectures.x86", "Kernel\Drivers\Compiler\Architectures\x86_32\Drivers.Compiler.Architectures.x86.csproj", "{EEBEC7B2-9F93-4A8A-BCB7-C9F8F79FA77E}"
EndProject
Project("{FAE04EC0-301F-11D3-BF4B-00C04F79EFBC}") = "Drivers.Compiler", "Kernel\Drivers\Compiler\Drivers.Compiler.csproj", "{1FB0E622-D2C6-4A5C-B5B6-D2BB5E502AF1}"
EndProject
Project("{FAE04EC0-301F-11D3-BF4B-00C04F79EFBC}") = "Drivers.Compiler.App", "Kernel\Drivers\Compiler\App\Drivers.Compiler.App.csproj", "{4E28A467-4D90-4315-9113-AE93F54280B0}"
	ProjectSection(ProjectDependencies) = postProject
		{EEBEC7B2-9F93-4A8A-BCB7-C9F8F79FA77E} = {EEBEC7B2-9F93-4A8A-BCB7-C9F8F79FA77E}
	EndProjectSection
EndProject
Project("{FAE04EC0-301F-11D3-BF4B-00C04F79EFBC}") = "Drivers.Compiler.MSBuildTask", "Kernel\Drivers\Compiler\MSBuildTask\Drivers.Compiler.MSBuildTask.csproj", "{4A6F3FA1-CA27-442A-AA2E-5C036A54209D}"
EndProject
Project("{2150E333-8FDC-42A3-9474-1A3956D46DE8}") = "Solution Items", "Solution Items", "{32E1F38F-0F50-411D-B32C-B9D99DFBB238}"
	ProjectSection(SolutionItems) = preProject
		LICENSE.txt = LICENSE.txt
		MissingTags.txt = MissingTags.txt
		MissingTags.xlsx = MissingTags.xlsx
	EndProjectSection
EndProject
Project("{FAE04EC0-301F-11D3-BF4B-00C04F79EFBC}") = "MissingTagProcessor", "Tools\MissingTagProcessor\MissingTagProcessor.csproj", "{814EB441-89A3-4DF5-B99A-43639A690AF7}"
EndProject
Project("{FAE04EC0-301F-11D3-BF4B-00C04F79EFBC}") = "MemoryAllocationAnalyser", "Tools\Kernel\MemoryAllocationAnalyser\MemoryAllocationAnalyser.csproj", "{3E707BE6-FC33-434A-AAA7-B47D0D9AE499}"
EndProject
Project("{FAE04EC0-301F-11D3-BF4B-00C04F79EFBC}") = "TestDriver", "Kernel\Drivers\TestDriver\TestDriver.csproj", "{8B50B714-6428-4057-836D-E188C719365A}"
EndProject
Project("{FAE04EC0-301F-11D3-BF4B-00C04F79EFBC}") = "Kernel.Shared", "Kernel\Libraries\Kernel.Shared\Kernel.Shared.csproj", "{93584240-DA57-4E22-8FC8-E25CDFF1E872}"
EndProject
Global
	GlobalSection(SolutionConfigurationPlatforms) = preSolution
		Debug|Any CPU = Debug|Any CPU
		Docs|Any CPU = Docs|Any CPU
		Release|Any CPU = Release|Any CPU
	EndGlobalSection
	GlobalSection(ProjectConfigurationPlatforms) = postSolution
		{061E5F53-5EFF-4E12-94EE-9E18459E5CF4}.Debug|Any CPU.ActiveCfg = Debug|Any CPU
		{061E5F53-5EFF-4E12-94EE-9E18459E5CF4}.Docs|Any CPU.ActiveCfg = Docs|Any CPU
		{061E5F53-5EFF-4E12-94EE-9E18459E5CF4}.Docs|Any CPU.Build.0 = Docs|Any CPU
		{061E5F53-5EFF-4E12-94EE-9E18459E5CF4}.Release|Any CPU.ActiveCfg = Release|Any CPU
		{061E5F53-5EFF-4E12-94EE-9E18459E5CF4}.Release|Any CPU.Build.0 = Release|Any CPU
		{B8F06B4D-C068-4802-8E06-02022F955D7B}.Debug|Any CPU.ActiveCfg = Debug|Any CPU
		{B8F06B4D-C068-4802-8E06-02022F955D7B}.Docs|Any CPU.ActiveCfg = Docs|Any CPU
		{B8F06B4D-C068-4802-8E06-02022F955D7B}.Docs|Any CPU.Build.0 = Docs|Any CPU
		{B8F06B4D-C068-4802-8E06-02022F955D7B}.Release|Any CPU.ActiveCfg = Release|Any CPU
		{B8F06B4D-C068-4802-8E06-02022F955D7B}.Release|Any CPU.Build.0 = Release|Any CPU
		{66C9B617-B6D9-4006-A7F9-E1DF62ED30AD}.Debug|Any CPU.ActiveCfg = Debug|Any CPU
		{66C9B617-B6D9-4006-A7F9-E1DF62ED30AD}.Debug|Any CPU.Build.0 = Debug|Any CPU
		{66C9B617-B6D9-4006-A7F9-E1DF62ED30AD}.Docs|Any CPU.ActiveCfg = Docs|Any CPU
		{66C9B617-B6D9-4006-A7F9-E1DF62ED30AD}.Docs|Any CPU.Build.0 = Docs|Any CPU
		{66C9B617-B6D9-4006-A7F9-E1DF62ED30AD}.Release|Any CPU.ActiveCfg = Release|Any CPU
		{66C9B617-B6D9-4006-A7F9-E1DF62ED30AD}.Release|Any CPU.Build.0 = Release|Any CPU
		{E4076F67-686F-48E3-A5AF-55B841665F77}.Debug|Any CPU.ActiveCfg = Debug|Any CPU
		{E4076F67-686F-48E3-A5AF-55B841665F77}.Debug|Any CPU.Build.0 = Debug|Any CPU
		{E4076F67-686F-48E3-A5AF-55B841665F77}.Docs|Any CPU.ActiveCfg = Docs|Any CPU
		{E4076F67-686F-48E3-A5AF-55B841665F77}.Docs|Any CPU.Build.0 = Docs|Any CPU
		{E4076F67-686F-48E3-A5AF-55B841665F77}.Release|Any CPU.ActiveCfg = Release|Any CPU
		{E4076F67-686F-48E3-A5AF-55B841665F77}.Release|Any CPU.Build.0 = Release|Any CPU
		{E48F7F1A-9794-4D71-87FE-0711ECD3BEAA}.Debug|Any CPU.ActiveCfg = Debug|Any CPU
		{E48F7F1A-9794-4D71-87FE-0711ECD3BEAA}.Docs|Any CPU.ActiveCfg = Docs|Any CPU
		{E48F7F1A-9794-4D71-87FE-0711ECD3BEAA}.Docs|Any CPU.Build.0 = Docs|Any CPU
		{E48F7F1A-9794-4D71-87FE-0711ECD3BEAA}.Release|Any CPU.ActiveCfg = Release|Any CPU
		{E48F7F1A-9794-4D71-87FE-0711ECD3BEAA}.Release|Any CPU.Build.0 = Release|Any CPU
		{19FEE260-45A1-46DB-AFD8-A5C19B76C3AB}.Debug|Any CPU.ActiveCfg = Debug|Any CPU
		{19FEE260-45A1-46DB-AFD8-A5C19B76C3AB}.Docs|Any CPU.ActiveCfg = Docs|Any CPU
		{19FEE260-45A1-46DB-AFD8-A5C19B76C3AB}.Docs|Any CPU.Build.0 = Docs|Any CPU
		{19FEE260-45A1-46DB-AFD8-A5C19B76C3AB}.Release|Any CPU.ActiveCfg = Release|Any CPU
		{19FEE260-45A1-46DB-AFD8-A5C19B76C3AB}.Release|Any CPU.Build.0 = Release|Any CPU
		{FB67CEE3-2563-43D2-9124-E1357B836CEB}.Debug|Any CPU.ActiveCfg = Debug|Any CPU
		{FB67CEE3-2563-43D2-9124-E1357B836CEB}.Docs|Any CPU.ActiveCfg = Docs|Any CPU
		{FB67CEE3-2563-43D2-9124-E1357B836CEB}.Docs|Any CPU.Build.0 = Docs|Any CPU
		{FB67CEE3-2563-43D2-9124-E1357B836CEB}.Release|Any CPU.ActiveCfg = Release|Any CPU
		{FB67CEE3-2563-43D2-9124-E1357B836CEB}.Release|Any CPU.Build.0 = Release|Any CPU
		{040B4922-9973-4BC6-B63D-11CE1389A86A}.Debug|Any CPU.ActiveCfg = Debug|Any CPU
		{040B4922-9973-4BC6-B63D-11CE1389A86A}.Docs|Any CPU.ActiveCfg = Docs|Any CPU
		{040B4922-9973-4BC6-B63D-11CE1389A86A}.Docs|Any CPU.Build.0 = Docs|Any CPU
		{040B4922-9973-4BC6-B63D-11CE1389A86A}.Release|Any CPU.ActiveCfg = Release|Any CPU
		{F59B042C-435D-48ED-AD7B-23666931A952}.Debug|Any CPU.ActiveCfg = Debug|Any CPU
		{F59B042C-435D-48ED-AD7B-23666931A952}.Debug|Any CPU.Build.0 = Debug|Any CPU
		{F59B042C-435D-48ED-AD7B-23666931A952}.Docs|Any CPU.ActiveCfg = Docs|Any CPU
		{F59B042C-435D-48ED-AD7B-23666931A952}.Docs|Any CPU.Build.0 = Docs|Any CPU
		{F59B042C-435D-48ED-AD7B-23666931A952}.Release|Any CPU.ActiveCfg = Release|Any CPU
		{F59B042C-435D-48ED-AD7B-23666931A952}.Release|Any CPU.Build.0 = Release|Any CPU
		{A58080B9-2E1D-4F12-8ABA-35E4E6E4E3FE}.Debug|Any CPU.ActiveCfg = Debug|Any CPU
		{A58080B9-2E1D-4F12-8ABA-35E4E6E4E3FE}.Docs|Any CPU.ActiveCfg = Docs|Any CPU
		{A58080B9-2E1D-4F12-8ABA-35E4E6E4E3FE}.Release|Any CPU.ActiveCfg = Release|Any CPU
		{A58080B9-2E1D-4F12-8ABA-35E4E6E4E3FE}.Release|Any CPU.Build.0 = Release|Any CPU
		{5C9FDB7D-604E-4927-9D3F-E2C599B20797}.Debug|Any CPU.ActiveCfg = Debug|Any CPU
		{5C9FDB7D-604E-4927-9D3F-E2C599B20797}.Debug|Any CPU.Build.0 = Debug|Any CPU
		{5C9FDB7D-604E-4927-9D3F-E2C599B20797}.Docs|Any CPU.ActiveCfg = Docs|Any CPU
		{5C9FDB7D-604E-4927-9D3F-E2C599B20797}.Docs|Any CPU.Build.0 = Docs|Any CPU
		{5C9FDB7D-604E-4927-9D3F-E2C599B20797}.Release|Any CPU.ActiveCfg = Release|Any CPU
		{5C9FDB7D-604E-4927-9D3F-E2C599B20797}.Release|Any CPU.Build.0 = Release|Any CPU
		{5BA8A9C9-D4E1-4470-A9E6-2B5657E09140}.Debug|Any CPU.ActiveCfg = Debug|Any CPU
		{5BA8A9C9-D4E1-4470-A9E6-2B5657E09140}.Debug|Any CPU.Build.0 = Debug|Any CPU
		{5BA8A9C9-D4E1-4470-A9E6-2B5657E09140}.Docs|Any CPU.ActiveCfg = Docs|Any CPU
		{5BA8A9C9-D4E1-4470-A9E6-2B5657E09140}.Docs|Any CPU.Build.0 = Docs|Any CPU
		{5BA8A9C9-D4E1-4470-A9E6-2B5657E09140}.Release|Any CPU.ActiveCfg = Release|Any CPU
		{5BA8A9C9-D4E1-4470-A9E6-2B5657E09140}.Release|Any CPU.Build.0 = Release|Any CPU
		{AE35B438-A252-40E3-8DB1-AA6FD22AC156}.Debug|Any CPU.ActiveCfg = Debug|Any CPU
		{AE35B438-A252-40E3-8DB1-AA6FD22AC156}.Debug|Any CPU.Build.0 = Debug|Any CPU
		{AE35B438-A252-40E3-8DB1-AA6FD22AC156}.Docs|Any CPU.ActiveCfg = Debug|Any CPU
		{AE35B438-A252-40E3-8DB1-AA6FD22AC156}.Docs|Any CPU.Build.0 = Debug|Any CPU
		{AE35B438-A252-40E3-8DB1-AA6FD22AC156}.Release|Any CPU.ActiveCfg = Release|Any CPU
		{AE35B438-A252-40E3-8DB1-AA6FD22AC156}.Release|Any CPU.Build.0 = Release|Any CPU
		{CDABF909-4548-46EA-9870-A5F79C890962}.Debug|Any CPU.ActiveCfg = Debug|Any CPU
		{CDABF909-4548-46EA-9870-A5F79C890962}.Debug|Any CPU.Build.0 = Debug|Any CPU
		{CDABF909-4548-46EA-9870-A5F79C890962}.Docs|Any CPU.ActiveCfg = Debug|Any CPU
		{CDABF909-4548-46EA-9870-A5F79C890962}.Docs|Any CPU.Build.0 = Debug|Any CPU
		{CDABF909-4548-46EA-9870-A5F79C890962}.Release|Any CPU.ActiveCfg = Release|Any CPU
		{CDABF909-4548-46EA-9870-A5F79C890962}.Release|Any CPU.Build.0 = Release|Any CPU
		{F9DA529F-D53A-4F0C-9F45-7DDDDC648099}.Debug|Any CPU.ActiveCfg = Debug|Any CPU
		{F9DA529F-D53A-4F0C-9F45-7DDDDC648099}.Debug|Any CPU.Build.0 = Debug|Any CPU
		{F9DA529F-D53A-4F0C-9F45-7DDDDC648099}.Docs|Any CPU.ActiveCfg = Debug|Any CPU
		{F9DA529F-D53A-4F0C-9F45-7DDDDC648099}.Docs|Any CPU.Build.0 = Debug|Any CPU
		{F9DA529F-D53A-4F0C-9F45-7DDDDC648099}.Release|Any CPU.ActiveCfg = Release|Any CPU
		{F9DA529F-D53A-4F0C-9F45-7DDDDC648099}.Release|Any CPU.Build.0 = Release|Any CPU
		{EEBEC7B2-9F93-4A8A-BCB7-C9F8F79FA77E}.Debug|Any CPU.ActiveCfg = Debug|Any CPU
		{EEBEC7B2-9F93-4A8A-BCB7-C9F8F79FA77E}.Debug|Any CPU.Build.0 = Debug|Any CPU
		{EEBEC7B2-9F93-4A8A-BCB7-C9F8F79FA77E}.Docs|Any CPU.ActiveCfg = Debug|Any CPU
		{EEBEC7B2-9F93-4A8A-BCB7-C9F8F79FA77E}.Docs|Any CPU.Build.0 = Debug|Any CPU
		{EEBEC7B2-9F93-4A8A-BCB7-C9F8F79FA77E}.Release|Any CPU.ActiveCfg = Release|Any CPU
		{EEBEC7B2-9F93-4A8A-BCB7-C9F8F79FA77E}.Release|Any CPU.Build.0 = Release|Any CPU
		{1FB0E622-D2C6-4A5C-B5B6-D2BB5E502AF1}.Debug|Any CPU.ActiveCfg = Debug|Any CPU
		{1FB0E622-D2C6-4A5C-B5B6-D2BB5E502AF1}.Debug|Any CPU.Build.0 = Debug|Any CPU
		{1FB0E622-D2C6-4A5C-B5B6-D2BB5E502AF1}.Docs|Any CPU.ActiveCfg = Debug|Any CPU
		{1FB0E622-D2C6-4A5C-B5B6-D2BB5E502AF1}.Docs|Any CPU.Build.0 = Debug|Any CPU
		{1FB0E622-D2C6-4A5C-B5B6-D2BB5E502AF1}.Release|Any CPU.ActiveCfg = Release|Any CPU
		{1FB0E622-D2C6-4A5C-B5B6-D2BB5E502AF1}.Release|Any CPU.Build.0 = Release|Any CPU
		{4E28A467-4D90-4315-9113-AE93F54280B0}.Debug|Any CPU.ActiveCfg = Debug|Any CPU
		{4E28A467-4D90-4315-9113-AE93F54280B0}.Debug|Any CPU.Build.0 = Debug|Any CPU
		{4E28A467-4D90-4315-9113-AE93F54280B0}.Docs|Any CPU.ActiveCfg = Debug|Any CPU
		{4E28A467-4D90-4315-9113-AE93F54280B0}.Docs|Any CPU.Build.0 = Debug|Any CPU
		{4E28A467-4D90-4315-9113-AE93F54280B0}.Release|Any CPU.ActiveCfg = Release|Any CPU
		{4E28A467-4D90-4315-9113-AE93F54280B0}.Release|Any CPU.Build.0 = Release|Any CPU
		{4A6F3FA1-CA27-442A-AA2E-5C036A54209D}.Debug|Any CPU.ActiveCfg = Debug|Any CPU
		{4A6F3FA1-CA27-442A-AA2E-5C036A54209D}.Debug|Any CPU.Build.0 = Debug|Any CPU
		{4A6F3FA1-CA27-442A-AA2E-5C036A54209D}.Docs|Any CPU.ActiveCfg = Debug|Any CPU
		{4A6F3FA1-CA27-442A-AA2E-5C036A54209D}.Docs|Any CPU.Build.0 = Debug|Any CPU
		{4A6F3FA1-CA27-442A-AA2E-5C036A54209D}.Release|Any CPU.ActiveCfg = Release|Any CPU
		{4A6F3FA1-CA27-442A-AA2E-5C036A54209D}.Release|Any CPU.Build.0 = Release|Any CPU
		{814EB441-89A3-4DF5-B99A-43639A690AF7}.Debug|Any CPU.ActiveCfg = Debug|Any CPU
		{814EB441-89A3-4DF5-B99A-43639A690AF7}.Debug|Any CPU.Build.0 = Debug|Any CPU
		{814EB441-89A3-4DF5-B99A-43639A690AF7}.Docs|Any CPU.ActiveCfg = Debug|Any CPU
		{814EB441-89A3-4DF5-B99A-43639A690AF7}.Docs|Any CPU.Build.0 = Debug|Any CPU
		{814EB441-89A3-4DF5-B99A-43639A690AF7}.Release|Any CPU.ActiveCfg = Release|Any CPU
		{814EB441-89A3-4DF5-B99A-43639A690AF7}.Release|Any CPU.Build.0 = Release|Any CPU
		{3E707BE6-FC33-434A-AAA7-B47D0D9AE499}.Debug|Any CPU.ActiveCfg = Debug|Any CPU
		{3E707BE6-FC33-434A-AAA7-B47D0D9AE499}.Debug|Any CPU.Build.0 = Debug|Any CPU
		{3E707BE6-FC33-434A-AAA7-B47D0D9AE499}.Docs|Any CPU.ActiveCfg = Debug|Any CPU
		{3E707BE6-FC33-434A-AAA7-B47D0D9AE499}.Docs|Any CPU.Build.0 = Debug|Any CPU
		{3E707BE6-FC33-434A-AAA7-B47D0D9AE499}.Release|Any CPU.ActiveCfg = Release|Any CPU
		{3E707BE6-FC33-434A-AAA7-B47D0D9AE499}.Release|Any CPU.Build.0 = Release|Any CPU
		{8B50B714-6428-4057-836D-E188C719365A}.Debug|Any CPU.ActiveCfg = Debug|Any CPU
		{8B50B714-6428-4057-836D-E188C719365A}.Debug|Any CPU.Build.0 = Debug|Any CPU
		{8B50B714-6428-4057-836D-E188C719365A}.Docs|Any CPU.ActiveCfg = Debug|Any CPU
		{8B50B714-6428-4057-836D-E188C719365A}.Docs|Any CPU.Build.0 = Debug|Any CPU
		{8B50B714-6428-4057-836D-E188C719365A}.Release|Any CPU.ActiveCfg = Release|Any CPU
		{8B50B714-6428-4057-836D-E188C719365A}.Release|Any CPU.Build.0 = Release|Any CPU
		{93584240-DA57-4E22-8FC8-E25CDFF1E872}.Debug|Any CPU.ActiveCfg = Debug|Any CPU
		{93584240-DA57-4E22-8FC8-E25CDFF1E872}.Debug|Any CPU.Build.0 = Debug|Any CPU
		{93584240-DA57-4E22-8FC8-E25CDFF1E872}.Docs|Any CPU.ActiveCfg = Debug|Any CPU
		{93584240-DA57-4E22-8FC8-E25CDFF1E872}.Docs|Any CPU.Build.0 = Debug|Any CPU
		{93584240-DA57-4E22-8FC8-E25CDFF1E872}.Release|Any CPU.ActiveCfg = Release|Any CPU
		{93584240-DA57-4E22-8FC8-E25CDFF1E872}.Release|Any CPU.Build.0 = Release|Any CPU
	EndGlobalSection
	GlobalSection(SolutionProperties) = preSolution
		HideSolutionNode = FALSE
	EndGlobalSection
	GlobalSection(NestedProjects) = preSolution
		{4D38C232-FA9C-4CB0-A91E-D0A9E0E01BF0} = {623B7546-CB66-4B2B-B730-D5A19AA558B0}
		{061E5F53-5EFF-4E12-94EE-9E18459E5CF4} = {4D38C232-FA9C-4CB0-A91E-D0A9E0E01BF0}
		{B8F06B4D-C068-4802-8E06-02022F955D7B} = {4D38C232-FA9C-4CB0-A91E-D0A9E0E01BF0}
		{C7A0D7C2-2AE8-4B13-BB95-AAB3ABADC277} = {4D38C232-FA9C-4CB0-A91E-D0A9E0E01BF0}
		{4A8B3E99-15F3-4567-BDDB-11F4057DC3BF} = {623B7546-CB66-4B2B-B730-D5A19AA558B0}
		{66C9B617-B6D9-4006-A7F9-E1DF62ED30AD} = {4A8B3E99-15F3-4567-BDDB-11F4057DC3BF}
		{E4076F67-686F-48E3-A5AF-55B841665F77} = {623B7546-CB66-4B2B-B730-D5A19AA558B0}
		{E48F7F1A-9794-4D71-87FE-0711ECD3BEAA} = {C7A0D7C2-2AE8-4B13-BB95-AAB3ABADC277}
		{A270C20D-A8BD-40A1-9A57-2C32C76C47A6} = {623B7546-CB66-4B2B-B730-D5A19AA558B0}
		{19FEE260-45A1-46DB-AFD8-A5C19B76C3AB} = {A270C20D-A8BD-40A1-9A57-2C32C76C47A6}
		{FB67CEE3-2563-43D2-9124-E1357B836CEB} = {A270C20D-A8BD-40A1-9A57-2C32C76C47A6}
		{040B4922-9973-4BC6-B63D-11CE1389A86A} = {7B991AA0-9085-41C8-8A93-1F75F10A1CD6}
		{710AF840-BF7A-4AE4-AE9A-E02B7CE3EBA9} = {1A5BFB25-60C1-4E6B-8B97-0E142634929D}
		{2887E574-1D83-4427-A58E-FF45D2F7F68B} = {710AF840-BF7A-4AE4-AE9A-E02B7CE3EBA9}
		{5783D7EC-57A7-4331-B376-4CD234680392} = {710AF840-BF7A-4AE4-AE9A-E02B7CE3EBA9}
		{A6AF58F6-4962-4DA4-A62F-47D2E6AB37B9} = {710AF840-BF7A-4AE4-AE9A-E02B7CE3EBA9}
		{F4D9521C-D23B-4D68-B7AC-33B3466019CB} = {1A5BFB25-60C1-4E6B-8B97-0E142634929D}
		{F59B042C-435D-48ED-AD7B-23666931A952} = {4A8B3E99-15F3-4567-BDDB-11F4057DC3BF}
		{C45DB19D-6041-46C9-B654-BE22EF79D3E5} = {9CC7D8B1-30B5-4099-ADAD-F32067871179}
		{A58080B9-2E1D-4F12-8ABA-35E4E6E4E3FE} = {C45DB19D-6041-46C9-B654-BE22EF79D3E5}
		{5C9FDB7D-604E-4927-9D3F-E2C599B20797} = {4A8B3E99-15F3-4567-BDDB-11F4057DC3BF}
		{5BA8A9C9-D4E1-4470-A9E6-2B5657E09140} = {4A8B3E99-15F3-4567-BDDB-11F4057DC3BF}
		{AE35B438-A252-40E3-8DB1-AA6FD22AC156} = {4D38C232-FA9C-4CB0-A91E-D0A9E0E01BF0}
		{9D0BAF06-26B6-4A5A-9620-CC7EA227C904} = {E88A84A4-4FA0-4D4D-9523-C9A24CA4659C}
		{92D0A9FC-8A65-4D31-8A13-238D4854CF60} = {E88A84A4-4FA0-4D4D-9523-C9A24CA4659C}
		{8B0975AB-3B75-458D-94A6-2B263366661B} = {9D0BAF06-26B6-4A5A-9620-CC7EA227C904}
		{CDABF909-4548-46EA-9870-A5F79C890962} = {92D0A9FC-8A65-4D31-8A13-238D4854CF60}
		{F9DA529F-D53A-4F0C-9F45-7DDDDC648099} = {92D0A9FC-8A65-4D31-8A13-238D4854CF60}
		{EEBEC7B2-9F93-4A8A-BCB7-C9F8F79FA77E} = {8B0975AB-3B75-458D-94A6-2B263366661B}
		{1FB0E622-D2C6-4A5C-B5B6-D2BB5E502AF1} = {9D0BAF06-26B6-4A5A-9620-CC7EA227C904}
		{4E28A467-4D90-4315-9113-AE93F54280B0} = {9D0BAF06-26B6-4A5A-9620-CC7EA227C904}
		{4A6F3FA1-CA27-442A-AA2E-5C036A54209D} = {9D0BAF06-26B6-4A5A-9620-CC7EA227C904}
		{814EB441-89A3-4DF5-B99A-43639A690AF7} = {9CC7D8B1-30B5-4099-ADAD-F32067871179}
		{3E707BE6-FC33-434A-AAA7-B47D0D9AE499} = {C45DB19D-6041-46C9-B654-BE22EF79D3E5}
		{8B50B714-6428-4057-836D-E188C719365A} = {E88A84A4-4FA0-4D4D-9523-C9A24CA4659C}
		{93584240-DA57-4E22-8FC8-E25CDFF1E872} = {4A8B3E99-15F3-4567-BDDB-11F4057DC3BF}
	EndGlobalSection
	GlobalSection(CodealikeProperties) = postSolution
		SolutionGuid = 66273eb9-d630-4692-8958-6fd85d2bfe5c
	EndGlobalSection
EndGlobal
