
Microsoft Visual Studio Solution File, Format Version 12.00
# Visual Studio 15
VisualStudioVersion = 15.0.26127.0
MinimumVisualStudioVersion = 10.0.40219.1
Project("{2150E333-8FDC-42A3-9474-1A3956D46DE8}") = "Kernel", "Kernel", "{623B7546-CB66-4B2B-B730-D5A19AA558B0}"
	ProjectSection(SolutionItems) = preProject
		Kernel\Kernel Code Map Neat.dgml = Kernel\Kernel Code Map Neat.dgml
		Kernel\Kernel Code Map TtB.dgml = Kernel\Kernel Code Map TtB.dgml
	EndProjectSection
EndProject
Project("{2150E333-8FDC-42A3-9474-1A3956D46DE8}") = "Compiler", "Compiler", "{4D38C232-FA9C-4CB0-A91E-D0A9E0E01BF0}"
EndProject
Project("{2150E333-8FDC-42A3-9474-1A3956D46DE8}") = "Libraries", "Libraries", "{4A8B3E99-15F3-4567-BDDB-11F4057DC3BF}"
EndProject
Project("{FAE04EC0-301F-11D3-BF4B-00C04F79EFBC}") = "Kernel.Framework", "Kernel\Libraries\Kernel.Framework\Kernel.Framework.csproj", "{66C9B617-B6D9-4006-A7F9-E1DF62ED30AD}"
EndProject
Project("{FAE04EC0-301F-11D3-BF4B-00C04F79EFBC}") = "Kernel", "Kernel\Kernel\Kernel.csproj", "{E4076F67-686F-48E3-A5AF-55B841665F77}"
	ProjectSection(ProjectDependencies) = postProject
		{4A6F3FA1-CA27-442A-AA2E-5C036A54209D} = {4A6F3FA1-CA27-442A-AA2E-5C036A54209D}
	EndProjectSection
EndProject
Project("{2150E333-8FDC-42A3-9474-1A3956D46DE8}") = "Documentation", "Documentation", "{7B991AA0-9085-41C8-8A93-1F75F10A1CD6}"
EndProject
Project("{7CF6DF6D-3B04-46F8-A40B-537D21BCA0B4}") = "Fling OS Documentation Proj", "Documentation\Fling OS Documentation Proj.shfbproj", "{040B4922-9973-4BC6-B63D-11CE1389A86A}"
	ProjectSection(ProjectDependencies) = postProject
		{66C9B617-B6D9-4006-A7F9-E1DF62ED30AD} = {66C9B617-B6D9-4006-A7F9-E1DF62ED30AD}
		{F59B042C-435D-48ED-AD7B-23666931A952} = {F59B042C-435D-48ED-AD7B-23666931A952}
		{E4076F67-686F-48E3-A5AF-55B841665F77} = {E4076F67-686F-48E3-A5AF-55B841665F77}
		{5C9FDB7D-604E-4927-9D3F-E2C599B20797} = {5C9FDB7D-604E-4927-9D3F-E2C599B20797}
	EndProjectSection
EndProject
Project("{2150E333-8FDC-42A3-9474-1A3956D46DE8}") = "Testing", "Testing", "{1A5BFB25-60C1-4E6B-8B97-0E142634929D}"
EndProject
Project("{FAE04EC0-301F-11D3-BF4B-00C04F79EFBC}") = "Kernel.Multiprocessing", "Kernel\Libraries\Kernel.Multiprocessing\Kernel.Multiprocessing.csproj", "{F59B042C-435D-48ED-AD7B-23666931A952}"
EndProject
Project("{2150E333-8FDC-42A3-9474-1A3956D46DE8}") = "Tools", "Tools", "{9CC7D8B1-30B5-4099-ADAD-F32067871179}"
EndProject
Project("{2150E333-8FDC-42A3-9474-1A3956D46DE8}") = "Kernel", "Kernel", "{C45DB19D-6041-46C9-B654-BE22EF79D3E5}"
EndProject
Project("{FAE04EC0-301F-11D3-BF4B-00C04F79EFBC}") = "ASM Method Label Builder", "Tools\Kernel\ASM Method Label Builder\ASM Method Label Builder.csproj", "{A58080B9-2E1D-4F12-8ABA-35E4E6E4E3FE}"
EndProject
Project("{FAE04EC0-301F-11D3-BF4B-00C04F79EFBC}") = "Kernel.FileSystems", "Kernel\Libraries\Kernel.FileSystems\Kernel.FileSystems.csproj", "{5C9FDB7D-604E-4927-9D3F-E2C599B20797}"
EndProject
Project("{FAE04EC0-301F-11D3-BF4B-00C04F79EFBC}") = "ISO9660Generator", "Kernel\Compiler\ISO9660Generator\ISO9660Generator.csproj", "{AE35B438-A252-40E3-8DB1-AA6FD22AC156}"
EndProject
Project("{2150E333-8FDC-42A3-9474-1A3956D46DE8}") = "Drivers", "Drivers", "{E88A84A4-4FA0-4D4D-9523-C9A24CA4659C}"
EndProject
Project("{2150E333-8FDC-42A3-9474-1A3956D46DE8}") = "Compiler", "Compiler", "{9D0BAF06-26B6-4A5A-9620-CC7EA227C904}"
EndProject
Project("{2150E333-8FDC-42A3-9474-1A3956D46DE8}") = "Libraries", "Libraries", "{92D0A9FC-8A65-4D31-8A13-238D4854CF60}"
EndProject
Project("{2150E333-8FDC-42A3-9474-1A3956D46DE8}") = "Architectures", "Architectures", "{8B0975AB-3B75-458D-94A6-2B263366661B}"
EndProject
Project("{FAE04EC0-301F-11D3-BF4B-00C04F79EFBC}") = "KernelABI", "Drivers\Libraries\KernelABI\KernelABI.csproj", "{CDABF909-4548-46EA-9870-A5F79C890962}"
EndProject
Project("{FAE04EC0-301F-11D3-BF4B-00C04F79EFBC}") = "Drivers.Framework", "Drivers\Libraries\Drivers.Framework\Drivers.Framework.csproj", "{F9DA529F-D53A-4F0C-9F45-7DDDDC648099}"
EndProject
Project("{FAE04EC0-301F-11D3-BF4B-00C04F79EFBC}") = "Drivers.Compiler.Architectures.x86", "Drivers\Compiler\Architectures\x86_32\Drivers.Compiler.Architectures.x86.csproj", "{EEBEC7B2-9F93-4A8A-BCB7-C9F8F79FA77E}"
EndProject
Project("{FAE04EC0-301F-11D3-BF4B-00C04F79EFBC}") = "Drivers.Compiler", "Drivers\Compiler\Drivers.Compiler.csproj", "{1FB0E622-D2C6-4A5C-B5B6-D2BB5E502AF1}"
EndProject
Project("{FAE04EC0-301F-11D3-BF4B-00C04F79EFBC}") = "Drivers.Compiler.App", "Drivers\Compiler\App\Drivers.Compiler.App.csproj", "{4E28A467-4D90-4315-9113-AE93F54280B0}"
	ProjectSection(ProjectDependencies) = postProject
		{EEBEC7B2-9F93-4A8A-BCB7-C9F8F79FA77E} = {EEBEC7B2-9F93-4A8A-BCB7-C9F8F79FA77E}
	EndProjectSection
EndProject
Project("{FAE04EC0-301F-11D3-BF4B-00C04F79EFBC}") = "Drivers.Compiler.MSBuildTask", "Drivers\Compiler\MSBuildTask\Drivers.Compiler.MSBuildTask.csproj", "{4A6F3FA1-CA27-442A-AA2E-5C036A54209D}"
EndProject
Project("{2150E333-8FDC-42A3-9474-1A3956D46DE8}") = "Solution Items", "Solution Items", "{32E1F38F-0F50-411D-B32C-B9D99DFBB238}"
	ProjectSection(SolutionItems) = preProject
		LICENSE.txt = LICENSE.txt
		MissingTags.txt = MissingTags.txt
		MissingTags.xlsx = MissingTags.xlsx
		MIPS\TERATERM.INI = MIPS\TERATERM.INI
	EndProjectSection
EndProject
Project("{FAE04EC0-301F-11D3-BF4B-00C04F79EFBC}") = "MissingTagProcessor", "Tools\MissingTagProcessor\MissingTagProcessor.csproj", "{814EB441-89A3-4DF5-B99A-43639A690AF7}"
EndProject
Project("{FAE04EC0-301F-11D3-BF4B-00C04F79EFBC}") = "MemoryAllocationAnalyser", "Tools\Kernel\MemoryAllocationAnalyser\MemoryAllocationAnalyser.csproj", "{3E707BE6-FC33-434A-AAA7-B47D0D9AE499}"
EndProject
Project("{FAE04EC0-301F-11D3-BF4B-00C04F79EFBC}") = "TestDriver", "Drivers\TestDriver\TestDriver.csproj", "{8B50B714-6428-4057-836D-E188C719365A}"
EndProject
Project("{FAE04EC0-301F-11D3-BF4B-00C04F79EFBC}") = "Drivers.Compiler.Architectures.MIPS32", "Drivers\Compiler\Architectures\MIPS32\Drivers.Compiler.Architectures.MIPS32.csproj", "{B18EBB5F-CC63-43CD-BE7B-188901E2016A}"
EndProject
Project("{FAE04EC0-301F-11D3-BF4B-00C04F79EFBC}") = "FlingOops", "Testing\FlingOops\FlingOops.csproj", "{50D9EA77-BE9C-4EDB-BC2D-BC4A8D9F9ABD}"
EndProject
Project("{2150E333-8FDC-42A3-9474-1A3956D46DE8}") = "Debugger", "Debugger", "{03095491-B459-4477-8DFA-9E552467A10F}"
EndProject
Project("{FAE04EC0-301F-11D3-BF4B-00C04F79EFBC}") = "Drivers.Debugger", "Drivers\Debugger\Drivers.Debugger.csproj", "{C455FA11-B8C3-4F01-943F-B0E6EEB192C9}"
EndProject
Project("{FAE04EC0-301F-11D3-BF4B-00C04F79EFBC}") = "Drivers.Debugger.App", "Drivers\Debugger\App\Drivers.Debugger.App.csproj", "{5BFCBFB8-5C32-49E1-AEDD-E55B515DDF6E}"
EndProject
Project("{FAE04EC0-301F-11D3-BF4B-00C04F79EFBC}") = "Kernel.USB", "Kernel\Libraries\Kernel.USB\Kernel.USB.csproj", "{63C61B22-F7FB-4DE2-8D25-73BC0D1DC04F}"
EndProject
Project("{FAE04EC0-301F-11D3-BF4B-00C04F79EFBC}") = "Kernel.ATA", "Kernel\Libraries\Kernel.ATA\Kernel.ATA.csproj", "{2D18C11E-3C86-4131-8DE9-C4385C9131B4}"
EndProject
Project("{FAE04EC0-301F-11D3-BF4B-00C04F79EFBC}") = "Kernel.Devices", "Kernel\Libraries\Kernel.Devices\Kernel.Devices.csproj", "{F7DE5AC3-C4AD-4240-91CE-87C1E5EB7B7E}"
EndProject
Project("{FAE04EC0-301F-11D3-BF4B-00C04F79EFBC}") = "Kernel.VirtualMemory", "Kernel\Libraries\Kernel.VirtualMemory\Kernel.VirtualMemory.csproj", "{2F9D1B2A-6CC2-45E2-BD36-BDF7AB8626B2}"
EndProject
Project("{FAE04EC0-301F-11D3-BF4B-00C04F79EFBC}") = "Kernel.PCI", "Kernel\Libraries\Kernel.PCI\Kernel.PCI.csproj", "{02D891E8-4AAA-48FA-8608-5135FB4DC493}"
EndProject
Project("{FAE04EC0-301F-11D3-BF4B-00C04F79EFBC}") = "Kernel.Pipes", "Kernel\Libraries\Kernel.Pipes\Kernel.Pipes.csproj", "{F64A12DF-0514-4F93-90C7-5E86B0A35F86}"
EndProject
Project("{FAE04EC0-301F-11D3-BF4B-00C04F79EFBC}") = "Kernel.VGA", "Kernel\Libraries\Kernel.VGA\Kernel.VGA.csproj", "{F775CE64-881B-4E6F-B51B-2DCBF5FCC5F0}"
EndProject
Global
	GlobalSection(SolutionConfigurationPlatforms) = preSolution
		Debug|Any CPU = Debug|Any CPU
		Debug|MIPS = Debug|MIPS
		Debug|Mixed Platforms = Debug|Mixed Platforms
		Debug|x86 = Debug|x86
		Docs|Any CPU = Docs|Any CPU
		Docs|MIPS = Docs|MIPS
		Docs|Mixed Platforms = Docs|Mixed Platforms
		Docs|x86 = Docs|x86
		Release|Any CPU = Release|Any CPU
		Release|MIPS = Release|MIPS
		Release|Mixed Platforms = Release|Mixed Platforms
		Release|x86 = Release|x86
	EndGlobalSection
	GlobalSection(ProjectConfigurationPlatforms) = postSolution
		{66C9B617-B6D9-4006-A7F9-E1DF62ED30AD}.Debug|Any CPU.ActiveCfg = Debug|x86
		{66C9B617-B6D9-4006-A7F9-E1DF62ED30AD}.Debug|MIPS.ActiveCfg = Debug|MIPS
		{66C9B617-B6D9-4006-A7F9-E1DF62ED30AD}.Debug|Mixed Platforms.ActiveCfg = Debug|x86
		{66C9B617-B6D9-4006-A7F9-E1DF62ED30AD}.Debug|Mixed Platforms.Build.0 = Debug|x86
		{66C9B617-B6D9-4006-A7F9-E1DF62ED30AD}.Debug|x86.ActiveCfg = Debug|x86
		{66C9B617-B6D9-4006-A7F9-E1DF62ED30AD}.Debug|x86.Build.0 = Debug|x86
		{66C9B617-B6D9-4006-A7F9-E1DF62ED30AD}.Docs|Any CPU.ActiveCfg = Docs|x86
		{66C9B617-B6D9-4006-A7F9-E1DF62ED30AD}.Docs|Any CPU.Build.0 = Docs|x86
		{66C9B617-B6D9-4006-A7F9-E1DF62ED30AD}.Docs|MIPS.ActiveCfg = Docs|MIPS
		{66C9B617-B6D9-4006-A7F9-E1DF62ED30AD}.Docs|MIPS.Build.0 = Docs|MIPS
		{66C9B617-B6D9-4006-A7F9-E1DF62ED30AD}.Docs|Mixed Platforms.ActiveCfg = Docs|x86
		{66C9B617-B6D9-4006-A7F9-E1DF62ED30AD}.Docs|Mixed Platforms.Build.0 = Docs|x86
		{66C9B617-B6D9-4006-A7F9-E1DF62ED30AD}.Docs|x86.ActiveCfg = Docs|x86
		{66C9B617-B6D9-4006-A7F9-E1DF62ED30AD}.Docs|x86.Build.0 = Docs|x86
		{66C9B617-B6D9-4006-A7F9-E1DF62ED30AD}.Release|Any CPU.ActiveCfg = Release|x86
		{66C9B617-B6D9-4006-A7F9-E1DF62ED30AD}.Release|MIPS.ActiveCfg = Release|MIPS
		{66C9B617-B6D9-4006-A7F9-E1DF62ED30AD}.Release|MIPS.Build.0 = Release|MIPS
		{66C9B617-B6D9-4006-A7F9-E1DF62ED30AD}.Release|Mixed Platforms.ActiveCfg = Release|x86
		{66C9B617-B6D9-4006-A7F9-E1DF62ED30AD}.Release|Mixed Platforms.Build.0 = Release|x86
		{66C9B617-B6D9-4006-A7F9-E1DF62ED30AD}.Release|x86.ActiveCfg = Release|x86
		{66C9B617-B6D9-4006-A7F9-E1DF62ED30AD}.Release|x86.Build.0 = Release|x86
		{E4076F67-686F-48E3-A5AF-55B841665F77}.Debug|Any CPU.ActiveCfg = Debug|Any CPU
		{E4076F67-686F-48E3-A5AF-55B841665F77}.Debug|Any CPU.Build.0 = Debug|Any CPU
		{E4076F67-686F-48E3-A5AF-55B841665F77}.Debug|MIPS.ActiveCfg = Debug|MIPS
		{E4076F67-686F-48E3-A5AF-55B841665F77}.Debug|Mixed Platforms.ActiveCfg = Debug|Any CPU
		{E4076F67-686F-48E3-A5AF-55B841665F77}.Debug|Mixed Platforms.Build.0 = Debug|Any CPU
		{E4076F67-686F-48E3-A5AF-55B841665F77}.Debug|x86.ActiveCfg = Debug|x86
		{E4076F67-686F-48E3-A5AF-55B841665F77}.Debug|x86.Build.0 = Debug|x86
		{E4076F67-686F-48E3-A5AF-55B841665F77}.Docs|Any CPU.ActiveCfg = Docs|x86
		{E4076F67-686F-48E3-A5AF-55B841665F77}.Docs|Any CPU.Build.0 = Docs|x86
		{E4076F67-686F-48E3-A5AF-55B841665F77}.Docs|MIPS.ActiveCfg = Docs|Any CPU
		{E4076F67-686F-48E3-A5AF-55B841665F77}.Docs|Mixed Platforms.ActiveCfg = Docs|Any CPU
		{E4076F67-686F-48E3-A5AF-55B841665F77}.Docs|Mixed Platforms.Build.0 = Docs|Any CPU
		{E4076F67-686F-48E3-A5AF-55B841665F77}.Docs|x86.ActiveCfg = Docs|x86
		{E4076F67-686F-48E3-A5AF-55B841665F77}.Docs|x86.Build.0 = Docs|x86
		{E4076F67-686F-48E3-A5AF-55B841665F77}.Release|Any CPU.ActiveCfg = Release|Any CPU
		{E4076F67-686F-48E3-A5AF-55B841665F77}.Release|Any CPU.Build.0 = Release|Any CPU
		{E4076F67-686F-48E3-A5AF-55B841665F77}.Release|MIPS.ActiveCfg = Release|Any CPU
		{E4076F67-686F-48E3-A5AF-55B841665F77}.Release|Mixed Platforms.ActiveCfg = Release|Any CPU
		{E4076F67-686F-48E3-A5AF-55B841665F77}.Release|Mixed Platforms.Build.0 = Release|Any CPU
		{E4076F67-686F-48E3-A5AF-55B841665F77}.Release|x86.ActiveCfg = Release|x86
		{E4076F67-686F-48E3-A5AF-55B841665F77}.Release|x86.Build.0 = Release|x86
		{040B4922-9973-4BC6-B63D-11CE1389A86A}.Debug|Any CPU.ActiveCfg = Debug|Any CPU
		{040B4922-9973-4BC6-B63D-11CE1389A86A}.Debug|Any CPU.Build.0 = Debug|Any CPU
		{040B4922-9973-4BC6-B63D-11CE1389A86A}.Debug|MIPS.ActiveCfg = Debug|Any CPU
		{040B4922-9973-4BC6-B63D-11CE1389A86A}.Debug|Mixed Platforms.ActiveCfg = Debug|Any CPU
		{040B4922-9973-4BC6-B63D-11CE1389A86A}.Debug|Mixed Platforms.Build.0 = Debug|Any CPU
		{040B4922-9973-4BC6-B63D-11CE1389A86A}.Debug|x86.ActiveCfg = Debug|Any CPU
		{040B4922-9973-4BC6-B63D-11CE1389A86A}.Docs|Any CPU.ActiveCfg = Docs|Any CPU
		{040B4922-9973-4BC6-B63D-11CE1389A86A}.Docs|Any CPU.Build.0 = Docs|Any CPU
		{040B4922-9973-4BC6-B63D-11CE1389A86A}.Docs|MIPS.ActiveCfg = Docs|Any CPU
		{040B4922-9973-4BC6-B63D-11CE1389A86A}.Docs|Mixed Platforms.ActiveCfg = Docs|Any CPU
		{040B4922-9973-4BC6-B63D-11CE1389A86A}.Docs|Mixed Platforms.Build.0 = Docs|Any CPU
		{040B4922-9973-4BC6-B63D-11CE1389A86A}.Docs|x86.ActiveCfg = Docs|Any CPU
		{040B4922-9973-4BC6-B63D-11CE1389A86A}.Docs|x86.Build.0 = Docs|Any CPU
		{040B4922-9973-4BC6-B63D-11CE1389A86A}.Release|Any CPU.ActiveCfg = Release|Any CPU
		{040B4922-9973-4BC6-B63D-11CE1389A86A}.Release|Any CPU.Build.0 = Release|Any CPU
		{040B4922-9973-4BC6-B63D-11CE1389A86A}.Release|MIPS.ActiveCfg = Release|Any CPU
		{040B4922-9973-4BC6-B63D-11CE1389A86A}.Release|Mixed Platforms.ActiveCfg = Release|Any CPU
		{040B4922-9973-4BC6-B63D-11CE1389A86A}.Release|Mixed Platforms.Build.0 = Release|Any CPU
		{040B4922-9973-4BC6-B63D-11CE1389A86A}.Release|x86.ActiveCfg = Release|Any CPU
		{F59B042C-435D-48ED-AD7B-23666931A952}.Debug|Any CPU.ActiveCfg = Debug|x86
		{F59B042C-435D-48ED-AD7B-23666931A952}.Debug|MIPS.ActiveCfg = Debug|MIPS
		{F59B042C-435D-48ED-AD7B-23666931A952}.Debug|Mixed Platforms.ActiveCfg = Debug|x86
		{F59B042C-435D-48ED-AD7B-23666931A952}.Debug|Mixed Platforms.Build.0 = Debug|x86
		{F59B042C-435D-48ED-AD7B-23666931A952}.Debug|x86.ActiveCfg = Debug|x86
		{F59B042C-435D-48ED-AD7B-23666931A952}.Debug|x86.Build.0 = Debug|x86
		{F59B042C-435D-48ED-AD7B-23666931A952}.Docs|Any CPU.ActiveCfg = Docs|x86
		{F59B042C-435D-48ED-AD7B-23666931A952}.Docs|Any CPU.Build.0 = Docs|x86
		{F59B042C-435D-48ED-AD7B-23666931A952}.Docs|MIPS.ActiveCfg = Docs|MIPS
		{F59B042C-435D-48ED-AD7B-23666931A952}.Docs|MIPS.Build.0 = Docs|MIPS
		{F59B042C-435D-48ED-AD7B-23666931A952}.Docs|Mixed Platforms.ActiveCfg = Docs|x86
		{F59B042C-435D-48ED-AD7B-23666931A952}.Docs|Mixed Platforms.Build.0 = Docs|x86
		{F59B042C-435D-48ED-AD7B-23666931A952}.Docs|x86.ActiveCfg = Docs|x86
		{F59B042C-435D-48ED-AD7B-23666931A952}.Docs|x86.Build.0 = Docs|x86
		{F59B042C-435D-48ED-AD7B-23666931A952}.Release|Any CPU.ActiveCfg = Release|x86
		{F59B042C-435D-48ED-AD7B-23666931A952}.Release|MIPS.ActiveCfg = Release|MIPS
		{F59B042C-435D-48ED-AD7B-23666931A952}.Release|MIPS.Build.0 = Release|MIPS
		{F59B042C-435D-48ED-AD7B-23666931A952}.Release|Mixed Platforms.ActiveCfg = Release|x86
		{F59B042C-435D-48ED-AD7B-23666931A952}.Release|Mixed Platforms.Build.0 = Release|x86
		{F59B042C-435D-48ED-AD7B-23666931A952}.Release|x86.ActiveCfg = Release|x86
		{F59B042C-435D-48ED-AD7B-23666931A952}.Release|x86.Build.0 = Release|x86
		{A58080B9-2E1D-4F12-8ABA-35E4E6E4E3FE}.Debug|Any CPU.ActiveCfg = Debug|Any CPU
		{A58080B9-2E1D-4F12-8ABA-35E4E6E4E3FE}.Debug|Any CPU.Build.0 = Debug|Any CPU
		{A58080B9-2E1D-4F12-8ABA-35E4E6E4E3FE}.Debug|MIPS.ActiveCfg = Debug|Any CPU
		{A58080B9-2E1D-4F12-8ABA-35E4E6E4E3FE}.Debug|Mixed Platforms.ActiveCfg = Debug|Any CPU
		{A58080B9-2E1D-4F12-8ABA-35E4E6E4E3FE}.Debug|Mixed Platforms.Build.0 = Debug|Any CPU
		{A58080B9-2E1D-4F12-8ABA-35E4E6E4E3FE}.Debug|x86.ActiveCfg = Debug|Any CPU
		{A58080B9-2E1D-4F12-8ABA-35E4E6E4E3FE}.Docs|Any CPU.ActiveCfg = Docs|Any CPU
		{A58080B9-2E1D-4F12-8ABA-35E4E6E4E3FE}.Docs|Any CPU.Build.0 = Docs|Any CPU
		{A58080B9-2E1D-4F12-8ABA-35E4E6E4E3FE}.Docs|MIPS.ActiveCfg = Docs|Any CPU
		{A58080B9-2E1D-4F12-8ABA-35E4E6E4E3FE}.Docs|Mixed Platforms.ActiveCfg = Docs|Any CPU
		{A58080B9-2E1D-4F12-8ABA-35E4E6E4E3FE}.Docs|Mixed Platforms.Build.0 = Docs|Any CPU
		{A58080B9-2E1D-4F12-8ABA-35E4E6E4E3FE}.Docs|x86.ActiveCfg = Docs|Any CPU
		{A58080B9-2E1D-4F12-8ABA-35E4E6E4E3FE}.Docs|x86.Build.0 = Docs|Any CPU
		{A58080B9-2E1D-4F12-8ABA-35E4E6E4E3FE}.Release|Any CPU.ActiveCfg = Release|Any CPU
		{A58080B9-2E1D-4F12-8ABA-35E4E6E4E3FE}.Release|Any CPU.Build.0 = Release|Any CPU
		{A58080B9-2E1D-4F12-8ABA-35E4E6E4E3FE}.Release|MIPS.ActiveCfg = Release|Any CPU
		{A58080B9-2E1D-4F12-8ABA-35E4E6E4E3FE}.Release|Mixed Platforms.ActiveCfg = Release|Any CPU
		{A58080B9-2E1D-4F12-8ABA-35E4E6E4E3FE}.Release|Mixed Platforms.Build.0 = Release|Any CPU
		{A58080B9-2E1D-4F12-8ABA-35E4E6E4E3FE}.Release|x86.ActiveCfg = Release|Any CPU
		{5C9FDB7D-604E-4927-9D3F-E2C599B20797}.Debug|Any CPU.ActiveCfg = Debug|x86
		{5C9FDB7D-604E-4927-9D3F-E2C599B20797}.Debug|MIPS.ActiveCfg = Debug|MIPS
		{5C9FDB7D-604E-4927-9D3F-E2C599B20797}.Debug|Mixed Platforms.ActiveCfg = Debug|x86
		{5C9FDB7D-604E-4927-9D3F-E2C599B20797}.Debug|Mixed Platforms.Build.0 = Debug|x86
		{5C9FDB7D-604E-4927-9D3F-E2C599B20797}.Debug|x86.ActiveCfg = Debug|x86
		{5C9FDB7D-604E-4927-9D3F-E2C599B20797}.Debug|x86.Build.0 = Debug|x86
		{5C9FDB7D-604E-4927-9D3F-E2C599B20797}.Docs|Any CPU.ActiveCfg = Docs|x86
		{5C9FDB7D-604E-4927-9D3F-E2C599B20797}.Docs|Any CPU.Build.0 = Docs|x86
		{5C9FDB7D-604E-4927-9D3F-E2C599B20797}.Docs|MIPS.ActiveCfg = Docs|MIPS
		{5C9FDB7D-604E-4927-9D3F-E2C599B20797}.Docs|MIPS.Build.0 = Docs|MIPS
		{5C9FDB7D-604E-4927-9D3F-E2C599B20797}.Docs|Mixed Platforms.ActiveCfg = Docs|x86
		{5C9FDB7D-604E-4927-9D3F-E2C599B20797}.Docs|Mixed Platforms.Build.0 = Docs|x86
		{5C9FDB7D-604E-4927-9D3F-E2C599B20797}.Docs|x86.ActiveCfg = Docs|x86
		{5C9FDB7D-604E-4927-9D3F-E2C599B20797}.Docs|x86.Build.0 = Docs|x86
		{5C9FDB7D-604E-4927-9D3F-E2C599B20797}.Release|Any CPU.ActiveCfg = Release|x86
		{5C9FDB7D-604E-4927-9D3F-E2C599B20797}.Release|MIPS.ActiveCfg = Release|MIPS
		{5C9FDB7D-604E-4927-9D3F-E2C599B20797}.Release|MIPS.Build.0 = Release|MIPS
		{5C9FDB7D-604E-4927-9D3F-E2C599B20797}.Release|Mixed Platforms.ActiveCfg = Release|x86
		{5C9FDB7D-604E-4927-9D3F-E2C599B20797}.Release|Mixed Platforms.Build.0 = Release|x86
		{5C9FDB7D-604E-4927-9D3F-E2C599B20797}.Release|x86.ActiveCfg = Release|x86
		{5C9FDB7D-604E-4927-9D3F-E2C599B20797}.Release|x86.Build.0 = Release|x86
		{AE35B438-A252-40E3-8DB1-AA6FD22AC156}.Debug|Any CPU.ActiveCfg = Debug|Any CPU
		{AE35B438-A252-40E3-8DB1-AA6FD22AC156}.Debug|Any CPU.Build.0 = Debug|Any CPU
		{AE35B438-A252-40E3-8DB1-AA6FD22AC156}.Debug|MIPS.ActiveCfg = Debug|Any CPU
		{AE35B438-A252-40E3-8DB1-AA6FD22AC156}.Debug|Mixed Platforms.ActiveCfg = Debug|Any CPU
		{AE35B438-A252-40E3-8DB1-AA6FD22AC156}.Debug|Mixed Platforms.Build.0 = Debug|Any CPU
		{AE35B438-A252-40E3-8DB1-AA6FD22AC156}.Debug|x86.ActiveCfg = Debug|Any CPU
		{AE35B438-A252-40E3-8DB1-AA6FD22AC156}.Docs|Any CPU.ActiveCfg = Debug|Any CPU
		{AE35B438-A252-40E3-8DB1-AA6FD22AC156}.Docs|Any CPU.Build.0 = Debug|Any CPU
		{AE35B438-A252-40E3-8DB1-AA6FD22AC156}.Docs|MIPS.ActiveCfg = Debug|Any CPU
		{AE35B438-A252-40E3-8DB1-AA6FD22AC156}.Docs|Mixed Platforms.ActiveCfg = Debug|Any CPU
		{AE35B438-A252-40E3-8DB1-AA6FD22AC156}.Docs|Mixed Platforms.Build.0 = Debug|Any CPU
		{AE35B438-A252-40E3-8DB1-AA6FD22AC156}.Docs|x86.ActiveCfg = Debug|Any CPU
		{AE35B438-A252-40E3-8DB1-AA6FD22AC156}.Docs|x86.Build.0 = Debug|Any CPU
		{AE35B438-A252-40E3-8DB1-AA6FD22AC156}.Release|Any CPU.ActiveCfg = Release|Any CPU
		{AE35B438-A252-40E3-8DB1-AA6FD22AC156}.Release|Any CPU.Build.0 = Release|Any CPU
		{AE35B438-A252-40E3-8DB1-AA6FD22AC156}.Release|MIPS.ActiveCfg = Release|Any CPU
		{AE35B438-A252-40E3-8DB1-AA6FD22AC156}.Release|Mixed Platforms.ActiveCfg = Release|Any CPU
		{AE35B438-A252-40E3-8DB1-AA6FD22AC156}.Release|Mixed Platforms.Build.0 = Release|Any CPU
		{AE35B438-A252-40E3-8DB1-AA6FD22AC156}.Release|x86.ActiveCfg = Release|Any CPU
		{CDABF909-4548-46EA-9870-A5F79C890962}.Debug|Any CPU.ActiveCfg = Debug|Any CPU
		{CDABF909-4548-46EA-9870-A5F79C890962}.Debug|Any CPU.Build.0 = Debug|Any CPU
		{CDABF909-4548-46EA-9870-A5F79C890962}.Debug|MIPS.ActiveCfg = Debug|Any CPU
		{CDABF909-4548-46EA-9870-A5F79C890962}.Debug|Mixed Platforms.ActiveCfg = Debug|Any CPU
		{CDABF909-4548-46EA-9870-A5F79C890962}.Debug|Mixed Platforms.Build.0 = Debug|Any CPU
		{CDABF909-4548-46EA-9870-A5F79C890962}.Debug|x86.ActiveCfg = Debug|Any CPU
		{CDABF909-4548-46EA-9870-A5F79C890962}.Docs|Any CPU.ActiveCfg = Debug|Any CPU
		{CDABF909-4548-46EA-9870-A5F79C890962}.Docs|Any CPU.Build.0 = Debug|Any CPU
		{CDABF909-4548-46EA-9870-A5F79C890962}.Docs|MIPS.ActiveCfg = Debug|Any CPU
		{CDABF909-4548-46EA-9870-A5F79C890962}.Docs|Mixed Platforms.ActiveCfg = Debug|Any CPU
		{CDABF909-4548-46EA-9870-A5F79C890962}.Docs|Mixed Platforms.Build.0 = Debug|Any CPU
		{CDABF909-4548-46EA-9870-A5F79C890962}.Docs|x86.ActiveCfg = Debug|Any CPU
		{CDABF909-4548-46EA-9870-A5F79C890962}.Docs|x86.Build.0 = Debug|Any CPU
		{CDABF909-4548-46EA-9870-A5F79C890962}.Release|Any CPU.ActiveCfg = Release|Any CPU
		{CDABF909-4548-46EA-9870-A5F79C890962}.Release|Any CPU.Build.0 = Release|Any CPU
		{CDABF909-4548-46EA-9870-A5F79C890962}.Release|MIPS.ActiveCfg = Release|Any CPU
		{CDABF909-4548-46EA-9870-A5F79C890962}.Release|Mixed Platforms.ActiveCfg = Release|Any CPU
		{CDABF909-4548-46EA-9870-A5F79C890962}.Release|Mixed Platforms.Build.0 = Release|Any CPU
		{CDABF909-4548-46EA-9870-A5F79C890962}.Release|x86.ActiveCfg = Release|Any CPU
		{F9DA529F-D53A-4F0C-9F45-7DDDDC648099}.Debug|Any CPU.ActiveCfg = Debug|Any CPU
		{F9DA529F-D53A-4F0C-9F45-7DDDDC648099}.Debug|Any CPU.Build.0 = Debug|Any CPU
		{F9DA529F-D53A-4F0C-9F45-7DDDDC648099}.Debug|MIPS.ActiveCfg = Debug|Any CPU
		{F9DA529F-D53A-4F0C-9F45-7DDDDC648099}.Debug|Mixed Platforms.ActiveCfg = Debug|Any CPU
		{F9DA529F-D53A-4F0C-9F45-7DDDDC648099}.Debug|Mixed Platforms.Build.0 = Debug|Any CPU
		{F9DA529F-D53A-4F0C-9F45-7DDDDC648099}.Debug|x86.ActiveCfg = Debug|Any CPU
		{F9DA529F-D53A-4F0C-9F45-7DDDDC648099}.Docs|Any CPU.ActiveCfg = Debug|Any CPU
		{F9DA529F-D53A-4F0C-9F45-7DDDDC648099}.Docs|Any CPU.Build.0 = Debug|Any CPU
		{F9DA529F-D53A-4F0C-9F45-7DDDDC648099}.Docs|MIPS.ActiveCfg = Debug|Any CPU
		{F9DA529F-D53A-4F0C-9F45-7DDDDC648099}.Docs|Mixed Platforms.ActiveCfg = Debug|Any CPU
		{F9DA529F-D53A-4F0C-9F45-7DDDDC648099}.Docs|Mixed Platforms.Build.0 = Debug|Any CPU
		{F9DA529F-D53A-4F0C-9F45-7DDDDC648099}.Docs|x86.ActiveCfg = Debug|Any CPU
		{F9DA529F-D53A-4F0C-9F45-7DDDDC648099}.Docs|x86.Build.0 = Debug|Any CPU
		{F9DA529F-D53A-4F0C-9F45-7DDDDC648099}.Release|Any CPU.ActiveCfg = Release|Any CPU
		{F9DA529F-D53A-4F0C-9F45-7DDDDC648099}.Release|Any CPU.Build.0 = Release|Any CPU
		{F9DA529F-D53A-4F0C-9F45-7DDDDC648099}.Release|MIPS.ActiveCfg = Release|Any CPU
		{F9DA529F-D53A-4F0C-9F45-7DDDDC648099}.Release|Mixed Platforms.ActiveCfg = Release|Any CPU
		{F9DA529F-D53A-4F0C-9F45-7DDDDC648099}.Release|Mixed Platforms.Build.0 = Release|Any CPU
		{F9DA529F-D53A-4F0C-9F45-7DDDDC648099}.Release|x86.ActiveCfg = Release|Any CPU
		{EEBEC7B2-9F93-4A8A-BCB7-C9F8F79FA77E}.Debug|Any CPU.ActiveCfg = Debug|Any CPU
		{EEBEC7B2-9F93-4A8A-BCB7-C9F8F79FA77E}.Debug|Any CPU.Build.0 = Debug|Any CPU
		{EEBEC7B2-9F93-4A8A-BCB7-C9F8F79FA77E}.Debug|MIPS.ActiveCfg = Debug|Any CPU
		{EEBEC7B2-9F93-4A8A-BCB7-C9F8F79FA77E}.Debug|Mixed Platforms.ActiveCfg = Debug|Any CPU
		{EEBEC7B2-9F93-4A8A-BCB7-C9F8F79FA77E}.Debug|Mixed Platforms.Build.0 = Debug|Any CPU
		{EEBEC7B2-9F93-4A8A-BCB7-C9F8F79FA77E}.Debug|x86.ActiveCfg = Debug|Any CPU
		{EEBEC7B2-9F93-4A8A-BCB7-C9F8F79FA77E}.Debug|x86.Build.0 = Debug|Any CPU
		{EEBEC7B2-9F93-4A8A-BCB7-C9F8F79FA77E}.Docs|Any CPU.ActiveCfg = Debug|Any CPU
		{EEBEC7B2-9F93-4A8A-BCB7-C9F8F79FA77E}.Docs|Any CPU.Build.0 = Debug|Any CPU
		{EEBEC7B2-9F93-4A8A-BCB7-C9F8F79FA77E}.Docs|MIPS.ActiveCfg = Debug|Any CPU
		{EEBEC7B2-9F93-4A8A-BCB7-C9F8F79FA77E}.Docs|Mixed Platforms.ActiveCfg = Debug|Any CPU
		{EEBEC7B2-9F93-4A8A-BCB7-C9F8F79FA77E}.Docs|Mixed Platforms.Build.0 = Debug|Any CPU
		{EEBEC7B2-9F93-4A8A-BCB7-C9F8F79FA77E}.Docs|x86.ActiveCfg = Debug|Any CPU
		{EEBEC7B2-9F93-4A8A-BCB7-C9F8F79FA77E}.Docs|x86.Build.0 = Debug|Any CPU
		{EEBEC7B2-9F93-4A8A-BCB7-C9F8F79FA77E}.Release|Any CPU.ActiveCfg = Release|Any CPU
		{EEBEC7B2-9F93-4A8A-BCB7-C9F8F79FA77E}.Release|Any CPU.Build.0 = Release|Any CPU
		{EEBEC7B2-9F93-4A8A-BCB7-C9F8F79FA77E}.Release|MIPS.ActiveCfg = Release|Any CPU
		{EEBEC7B2-9F93-4A8A-BCB7-C9F8F79FA77E}.Release|Mixed Platforms.ActiveCfg = Release|Any CPU
		{EEBEC7B2-9F93-4A8A-BCB7-C9F8F79FA77E}.Release|Mixed Platforms.Build.0 = Release|Any CPU
		{EEBEC7B2-9F93-4A8A-BCB7-C9F8F79FA77E}.Release|x86.ActiveCfg = Release|Any CPU
		{EEBEC7B2-9F93-4A8A-BCB7-C9F8F79FA77E}.Release|x86.Build.0 = Release|Any CPU
		{1FB0E622-D2C6-4A5C-B5B6-D2BB5E502AF1}.Debug|Any CPU.ActiveCfg = Debug|Any CPU
		{1FB0E622-D2C6-4A5C-B5B6-D2BB5E502AF1}.Debug|Any CPU.Build.0 = Debug|Any CPU
		{1FB0E622-D2C6-4A5C-B5B6-D2BB5E502AF1}.Debug|MIPS.ActiveCfg = Debug|Any CPU
		{1FB0E622-D2C6-4A5C-B5B6-D2BB5E502AF1}.Debug|Mixed Platforms.ActiveCfg = Debug|Any CPU
		{1FB0E622-D2C6-4A5C-B5B6-D2BB5E502AF1}.Debug|Mixed Platforms.Build.0 = Debug|Any CPU
		{1FB0E622-D2C6-4A5C-B5B6-D2BB5E502AF1}.Debug|x86.ActiveCfg = Debug|Any CPU
		{1FB0E622-D2C6-4A5C-B5B6-D2BB5E502AF1}.Debug|x86.Build.0 = Debug|Any CPU
		{1FB0E622-D2C6-4A5C-B5B6-D2BB5E502AF1}.Docs|Any CPU.ActiveCfg = Debug|Any CPU
		{1FB0E622-D2C6-4A5C-B5B6-D2BB5E502AF1}.Docs|Any CPU.Build.0 = Debug|Any CPU
		{1FB0E622-D2C6-4A5C-B5B6-D2BB5E502AF1}.Docs|MIPS.ActiveCfg = Debug|Any CPU
		{1FB0E622-D2C6-4A5C-B5B6-D2BB5E502AF1}.Docs|Mixed Platforms.ActiveCfg = Debug|Any CPU
		{1FB0E622-D2C6-4A5C-B5B6-D2BB5E502AF1}.Docs|Mixed Platforms.Build.0 = Debug|Any CPU
		{1FB0E622-D2C6-4A5C-B5B6-D2BB5E502AF1}.Docs|x86.ActiveCfg = Debug|Any CPU
		{1FB0E622-D2C6-4A5C-B5B6-D2BB5E502AF1}.Docs|x86.Build.0 = Debug|Any CPU
		{1FB0E622-D2C6-4A5C-B5B6-D2BB5E502AF1}.Release|Any CPU.ActiveCfg = Release|Any CPU
		{1FB0E622-D2C6-4A5C-B5B6-D2BB5E502AF1}.Release|Any CPU.Build.0 = Release|Any CPU
		{1FB0E622-D2C6-4A5C-B5B6-D2BB5E502AF1}.Release|MIPS.ActiveCfg = Release|Any CPU
		{1FB0E622-D2C6-4A5C-B5B6-D2BB5E502AF1}.Release|Mixed Platforms.ActiveCfg = Release|Any CPU
		{1FB0E622-D2C6-4A5C-B5B6-D2BB5E502AF1}.Release|Mixed Platforms.Build.0 = Release|Any CPU
		{1FB0E622-D2C6-4A5C-B5B6-D2BB5E502AF1}.Release|x86.ActiveCfg = Release|Any CPU
		{1FB0E622-D2C6-4A5C-B5B6-D2BB5E502AF1}.Release|x86.Build.0 = Release|Any CPU
		{4E28A467-4D90-4315-9113-AE93F54280B0}.Debug|Any CPU.ActiveCfg = Debug|Any CPU
		{4E28A467-4D90-4315-9113-AE93F54280B0}.Debug|Any CPU.Build.0 = Debug|Any CPU
		{4E28A467-4D90-4315-9113-AE93F54280B0}.Debug|MIPS.ActiveCfg = Debug|Any CPU
		{4E28A467-4D90-4315-9113-AE93F54280B0}.Debug|Mixed Platforms.ActiveCfg = Debug|Any CPU
		{4E28A467-4D90-4315-9113-AE93F54280B0}.Debug|Mixed Platforms.Build.0 = Debug|Any CPU
		{4E28A467-4D90-4315-9113-AE93F54280B0}.Debug|x86.ActiveCfg = Debug|Any CPU
		{4E28A467-4D90-4315-9113-AE93F54280B0}.Debug|x86.Build.0 = Debug|Any CPU
		{4E28A467-4D90-4315-9113-AE93F54280B0}.Docs|Any CPU.ActiveCfg = Debug|Any CPU
		{4E28A467-4D90-4315-9113-AE93F54280B0}.Docs|Any CPU.Build.0 = Debug|Any CPU
		{4E28A467-4D90-4315-9113-AE93F54280B0}.Docs|MIPS.ActiveCfg = Debug|Any CPU
		{4E28A467-4D90-4315-9113-AE93F54280B0}.Docs|Mixed Platforms.ActiveCfg = Debug|Any CPU
		{4E28A467-4D90-4315-9113-AE93F54280B0}.Docs|Mixed Platforms.Build.0 = Debug|Any CPU
		{4E28A467-4D90-4315-9113-AE93F54280B0}.Docs|x86.ActiveCfg = Debug|Any CPU
		{4E28A467-4D90-4315-9113-AE93F54280B0}.Docs|x86.Build.0 = Debug|Any CPU
		{4E28A467-4D90-4315-9113-AE93F54280B0}.Release|Any CPU.ActiveCfg = Release|Any CPU
		{4E28A467-4D90-4315-9113-AE93F54280B0}.Release|Any CPU.Build.0 = Release|Any CPU
		{4E28A467-4D90-4315-9113-AE93F54280B0}.Release|MIPS.ActiveCfg = Release|Any CPU
		{4E28A467-4D90-4315-9113-AE93F54280B0}.Release|Mixed Platforms.ActiveCfg = Release|Any CPU
		{4E28A467-4D90-4315-9113-AE93F54280B0}.Release|Mixed Platforms.Build.0 = Release|Any CPU
		{4E28A467-4D90-4315-9113-AE93F54280B0}.Release|x86.ActiveCfg = Release|Any CPU
		{4E28A467-4D90-4315-9113-AE93F54280B0}.Release|x86.Build.0 = Release|Any CPU
		{4A6F3FA1-CA27-442A-AA2E-5C036A54209D}.Debug|Any CPU.ActiveCfg = Debug|Any CPU
		{4A6F3FA1-CA27-442A-AA2E-5C036A54209D}.Debug|Any CPU.Build.0 = Debug|Any CPU
		{4A6F3FA1-CA27-442A-AA2E-5C036A54209D}.Debug|MIPS.ActiveCfg = Debug|Any CPU
		{4A6F3FA1-CA27-442A-AA2E-5C036A54209D}.Debug|Mixed Platforms.ActiveCfg = Debug|Any CPU
		{4A6F3FA1-CA27-442A-AA2E-5C036A54209D}.Debug|Mixed Platforms.Build.0 = Debug|Any CPU
		{4A6F3FA1-CA27-442A-AA2E-5C036A54209D}.Debug|x86.ActiveCfg = Debug|Any CPU
		{4A6F3FA1-CA27-442A-AA2E-5C036A54209D}.Debug|x86.Build.0 = Debug|Any CPU
		{4A6F3FA1-CA27-442A-AA2E-5C036A54209D}.Docs|Any CPU.ActiveCfg = Debug|Any CPU
		{4A6F3FA1-CA27-442A-AA2E-5C036A54209D}.Docs|Any CPU.Build.0 = Debug|Any CPU
		{4A6F3FA1-CA27-442A-AA2E-5C036A54209D}.Docs|MIPS.ActiveCfg = Debug|Any CPU
		{4A6F3FA1-CA27-442A-AA2E-5C036A54209D}.Docs|Mixed Platforms.ActiveCfg = Debug|Any CPU
		{4A6F3FA1-CA27-442A-AA2E-5C036A54209D}.Docs|Mixed Platforms.Build.0 = Debug|Any CPU
		{4A6F3FA1-CA27-442A-AA2E-5C036A54209D}.Docs|x86.ActiveCfg = Debug|Any CPU
		{4A6F3FA1-CA27-442A-AA2E-5C036A54209D}.Docs|x86.Build.0 = Debug|Any CPU
		{4A6F3FA1-CA27-442A-AA2E-5C036A54209D}.Release|Any CPU.ActiveCfg = Release|Any CPU
		{4A6F3FA1-CA27-442A-AA2E-5C036A54209D}.Release|Any CPU.Build.0 = Release|Any CPU
		{4A6F3FA1-CA27-442A-AA2E-5C036A54209D}.Release|MIPS.ActiveCfg = Release|Any CPU
		{4A6F3FA1-CA27-442A-AA2E-5C036A54209D}.Release|Mixed Platforms.ActiveCfg = Release|Any CPU
		{4A6F3FA1-CA27-442A-AA2E-5C036A54209D}.Release|Mixed Platforms.Build.0 = Release|Any CPU
		{4A6F3FA1-CA27-442A-AA2E-5C036A54209D}.Release|x86.ActiveCfg = Release|Any CPU
		{4A6F3FA1-CA27-442A-AA2E-5C036A54209D}.Release|x86.Build.0 = Release|Any CPU
		{814EB441-89A3-4DF5-B99A-43639A690AF7}.Debug|Any CPU.ActiveCfg = Debug|Any CPU
		{814EB441-89A3-4DF5-B99A-43639A690AF7}.Debug|Any CPU.Build.0 = Debug|Any CPU
		{814EB441-89A3-4DF5-B99A-43639A690AF7}.Debug|MIPS.ActiveCfg = Debug|Any CPU
		{814EB441-89A3-4DF5-B99A-43639A690AF7}.Debug|Mixed Platforms.ActiveCfg = Debug|Any CPU
		{814EB441-89A3-4DF5-B99A-43639A690AF7}.Debug|Mixed Platforms.Build.0 = Debug|Any CPU
		{814EB441-89A3-4DF5-B99A-43639A690AF7}.Debug|x86.ActiveCfg = Debug|Any CPU
		{814EB441-89A3-4DF5-B99A-43639A690AF7}.Docs|Any CPU.ActiveCfg = Debug|Any CPU
		{814EB441-89A3-4DF5-B99A-43639A690AF7}.Docs|MIPS.ActiveCfg = Debug|Any CPU
		{814EB441-89A3-4DF5-B99A-43639A690AF7}.Docs|Mixed Platforms.ActiveCfg = Debug|Any CPU
		{814EB441-89A3-4DF5-B99A-43639A690AF7}.Docs|Mixed Platforms.Build.0 = Debug|Any CPU
		{814EB441-89A3-4DF5-B99A-43639A690AF7}.Docs|x86.ActiveCfg = Debug|Any CPU
		{814EB441-89A3-4DF5-B99A-43639A690AF7}.Release|Any CPU.ActiveCfg = Release|Any CPU
		{814EB441-89A3-4DF5-B99A-43639A690AF7}.Release|Any CPU.Build.0 = Release|Any CPU
		{814EB441-89A3-4DF5-B99A-43639A690AF7}.Release|MIPS.ActiveCfg = Release|Any CPU
		{814EB441-89A3-4DF5-B99A-43639A690AF7}.Release|Mixed Platforms.ActiveCfg = Release|Any CPU
		{814EB441-89A3-4DF5-B99A-43639A690AF7}.Release|Mixed Platforms.Build.0 = Release|Any CPU
		{814EB441-89A3-4DF5-B99A-43639A690AF7}.Release|x86.ActiveCfg = Release|Any CPU
		{3E707BE6-FC33-434A-AAA7-B47D0D9AE499}.Debug|Any CPU.ActiveCfg = Debug|Any CPU
		{3E707BE6-FC33-434A-AAA7-B47D0D9AE499}.Debug|Any CPU.Build.0 = Debug|Any CPU
		{3E707BE6-FC33-434A-AAA7-B47D0D9AE499}.Debug|MIPS.ActiveCfg = Debug|Any CPU
		{3E707BE6-FC33-434A-AAA7-B47D0D9AE499}.Debug|Mixed Platforms.ActiveCfg = Debug|Any CPU
		{3E707BE6-FC33-434A-AAA7-B47D0D9AE499}.Debug|Mixed Platforms.Build.0 = Debug|Any CPU
		{3E707BE6-FC33-434A-AAA7-B47D0D9AE499}.Debug|x86.ActiveCfg = Debug|Any CPU
		{3E707BE6-FC33-434A-AAA7-B47D0D9AE499}.Docs|Any CPU.ActiveCfg = Debug|Any CPU
		{3E707BE6-FC33-434A-AAA7-B47D0D9AE499}.Docs|MIPS.ActiveCfg = Debug|Any CPU
		{3E707BE6-FC33-434A-AAA7-B47D0D9AE499}.Docs|Mixed Platforms.ActiveCfg = Debug|Any CPU
		{3E707BE6-FC33-434A-AAA7-B47D0D9AE499}.Docs|Mixed Platforms.Build.0 = Debug|Any CPU
		{3E707BE6-FC33-434A-AAA7-B47D0D9AE499}.Docs|x86.ActiveCfg = Debug|Any CPU
		{3E707BE6-FC33-434A-AAA7-B47D0D9AE499}.Release|Any CPU.ActiveCfg = Release|Any CPU
		{3E707BE6-FC33-434A-AAA7-B47D0D9AE499}.Release|Any CPU.Build.0 = Release|Any CPU
		{3E707BE6-FC33-434A-AAA7-B47D0D9AE499}.Release|MIPS.ActiveCfg = Release|Any CPU
		{3E707BE6-FC33-434A-AAA7-B47D0D9AE499}.Release|Mixed Platforms.ActiveCfg = Release|Any CPU
		{3E707BE6-FC33-434A-AAA7-B47D0D9AE499}.Release|Mixed Platforms.Build.0 = Release|Any CPU
		{3E707BE6-FC33-434A-AAA7-B47D0D9AE499}.Release|x86.ActiveCfg = Release|Any CPU
		{8B50B714-6428-4057-836D-E188C719365A}.Debug|Any CPU.ActiveCfg = Debug|x86
		{8B50B714-6428-4057-836D-E188C719365A}.Debug|MIPS.ActiveCfg = Debug|MIPS
		{8B50B714-6428-4057-836D-E188C719365A}.Debug|Mixed Platforms.ActiveCfg = Debug|x86
		{8B50B714-6428-4057-836D-E188C719365A}.Debug|Mixed Platforms.Build.0 = Debug|x86
		{8B50B714-6428-4057-836D-E188C719365A}.Debug|x86.ActiveCfg = Debug|x86
		{8B50B714-6428-4057-836D-E188C719365A}.Docs|Any CPU.ActiveCfg = Docs|x86
		{8B50B714-6428-4057-836D-E188C719365A}.Docs|Any CPU.Build.0 = Docs|x86
		{8B50B714-6428-4057-836D-E188C719365A}.Docs|MIPS.ActiveCfg = Docs|MIPS
		{8B50B714-6428-4057-836D-E188C719365A}.Docs|Mixed Platforms.ActiveCfg = Docs|x86
		{8B50B714-6428-4057-836D-E188C719365A}.Docs|Mixed Platforms.Build.0 = Docs|x86
		{8B50B714-6428-4057-836D-E188C719365A}.Docs|x86.ActiveCfg = Docs|x86
		{8B50B714-6428-4057-836D-E188C719365A}.Docs|x86.Build.0 = Docs|x86
		{8B50B714-6428-4057-836D-E188C719365A}.Release|Any CPU.ActiveCfg = Release|x86
		{8B50B714-6428-4057-836D-E188C719365A}.Release|MIPS.ActiveCfg = Release|MIPS
		{8B50B714-6428-4057-836D-E188C719365A}.Release|Mixed Platforms.ActiveCfg = Release|x86
		{8B50B714-6428-4057-836D-E188C719365A}.Release|Mixed Platforms.Build.0 = Release|x86
		{8B50B714-6428-4057-836D-E188C719365A}.Release|x86.ActiveCfg = Release|x86
		{B18EBB5F-CC63-43CD-BE7B-188901E2016A}.Debug|Any CPU.ActiveCfg = Debug|Any CPU
		{B18EBB5F-CC63-43CD-BE7B-188901E2016A}.Debug|Any CPU.Build.0 = Debug|Any CPU
		{B18EBB5F-CC63-43CD-BE7B-188901E2016A}.Debug|MIPS.ActiveCfg = Debug|Any CPU
		{B18EBB5F-CC63-43CD-BE7B-188901E2016A}.Debug|Mixed Platforms.ActiveCfg = Debug|Any CPU
		{B18EBB5F-CC63-43CD-BE7B-188901E2016A}.Debug|Mixed Platforms.Build.0 = Debug|Any CPU
		{B18EBB5F-CC63-43CD-BE7B-188901E2016A}.Debug|x86.ActiveCfg = Debug|Any CPU
		{B18EBB5F-CC63-43CD-BE7B-188901E2016A}.Debug|x86.Build.0 = Debug|Any CPU
		{B18EBB5F-CC63-43CD-BE7B-188901E2016A}.Docs|Any CPU.ActiveCfg = Debug|Any CPU
		{B18EBB5F-CC63-43CD-BE7B-188901E2016A}.Docs|Any CPU.Build.0 = Debug|Any CPU
		{B18EBB5F-CC63-43CD-BE7B-188901E2016A}.Docs|MIPS.ActiveCfg = Debug|Any CPU
		{B18EBB5F-CC63-43CD-BE7B-188901E2016A}.Docs|Mixed Platforms.ActiveCfg = Debug|Any CPU
		{B18EBB5F-CC63-43CD-BE7B-188901E2016A}.Docs|Mixed Platforms.Build.0 = Debug|Any CPU
		{B18EBB5F-CC63-43CD-BE7B-188901E2016A}.Docs|x86.ActiveCfg = Debug|Any CPU
		{B18EBB5F-CC63-43CD-BE7B-188901E2016A}.Docs|x86.Build.0 = Debug|Any CPU
		{B18EBB5F-CC63-43CD-BE7B-188901E2016A}.Release|Any CPU.ActiveCfg = Release|Any CPU
		{B18EBB5F-CC63-43CD-BE7B-188901E2016A}.Release|Any CPU.Build.0 = Release|Any CPU
		{B18EBB5F-CC63-43CD-BE7B-188901E2016A}.Release|MIPS.ActiveCfg = Release|Any CPU
		{B18EBB5F-CC63-43CD-BE7B-188901E2016A}.Release|Mixed Platforms.ActiveCfg = Release|Any CPU
		{B18EBB5F-CC63-43CD-BE7B-188901E2016A}.Release|Mixed Platforms.Build.0 = Release|Any CPU
		{B18EBB5F-CC63-43CD-BE7B-188901E2016A}.Release|x86.ActiveCfg = Release|Any CPU
		{B18EBB5F-CC63-43CD-BE7B-188901E2016A}.Release|x86.Build.0 = Release|Any CPU
		{50D9EA77-BE9C-4EDB-BC2D-BC4A8D9F9ABD}.Debug|Any CPU.ActiveCfg = Debug|x86
		{50D9EA77-BE9C-4EDB-BC2D-BC4A8D9F9ABD}.Debug|MIPS.ActiveCfg = Debug|MIPS
		{50D9EA77-BE9C-4EDB-BC2D-BC4A8D9F9ABD}.Debug|MIPS.Build.0 = Debug|MIPS
		{50D9EA77-BE9C-4EDB-BC2D-BC4A8D9F9ABD}.Debug|Mixed Platforms.ActiveCfg = Debug|x86
		{50D9EA77-BE9C-4EDB-BC2D-BC4A8D9F9ABD}.Debug|Mixed Platforms.Build.0 = Debug|x86
		{50D9EA77-BE9C-4EDB-BC2D-BC4A8D9F9ABD}.Debug|x86.ActiveCfg = Debug|x86
		{50D9EA77-BE9C-4EDB-BC2D-BC4A8D9F9ABD}.Debug|x86.Build.0 = Debug|x86
		{50D9EA77-BE9C-4EDB-BC2D-BC4A8D9F9ABD}.Docs|Any CPU.ActiveCfg = Docs|x86
		{50D9EA77-BE9C-4EDB-BC2D-BC4A8D9F9ABD}.Docs|Any CPU.Build.0 = Docs|x86
		{50D9EA77-BE9C-4EDB-BC2D-BC4A8D9F9ABD}.Docs|MIPS.ActiveCfg = Debug|MIPS
		{50D9EA77-BE9C-4EDB-BC2D-BC4A8D9F9ABD}.Docs|MIPS.Build.0 = Debug|MIPS
		{50D9EA77-BE9C-4EDB-BC2D-BC4A8D9F9ABD}.Docs|Mixed Platforms.ActiveCfg = Debug|x86
		{50D9EA77-BE9C-4EDB-BC2D-BC4A8D9F9ABD}.Docs|Mixed Platforms.Build.0 = Debug|x86
		{50D9EA77-BE9C-4EDB-BC2D-BC4A8D9F9ABD}.Docs|x86.ActiveCfg = Docs|x86
		{50D9EA77-BE9C-4EDB-BC2D-BC4A8D9F9ABD}.Docs|x86.Build.0 = Docs|x86
		{50D9EA77-BE9C-4EDB-BC2D-BC4A8D9F9ABD}.Release|Any CPU.ActiveCfg = Release|x86
		{50D9EA77-BE9C-4EDB-BC2D-BC4A8D9F9ABD}.Release|MIPS.ActiveCfg = Release|MIPS
		{50D9EA77-BE9C-4EDB-BC2D-BC4A8D9F9ABD}.Release|MIPS.Build.0 = Release|MIPS
		{50D9EA77-BE9C-4EDB-BC2D-BC4A8D9F9ABD}.Release|Mixed Platforms.ActiveCfg = Release|x86
		{50D9EA77-BE9C-4EDB-BC2D-BC4A8D9F9ABD}.Release|Mixed Platforms.Build.0 = Release|x86
		{50D9EA77-BE9C-4EDB-BC2D-BC4A8D9F9ABD}.Release|x86.ActiveCfg = Release|x86
		{C455FA11-B8C3-4F01-943F-B0E6EEB192C9}.Debug|Any CPU.ActiveCfg = Debug|Any CPU
		{C455FA11-B8C3-4F01-943F-B0E6EEB192C9}.Debug|Any CPU.Build.0 = Debug|Any CPU
		{C455FA11-B8C3-4F01-943F-B0E6EEB192C9}.Debug|MIPS.ActiveCfg = Debug|Any CPU
		{C455FA11-B8C3-4F01-943F-B0E6EEB192C9}.Debug|Mixed Platforms.ActiveCfg = Debug|Any CPU
		{C455FA11-B8C3-4F01-943F-B0E6EEB192C9}.Debug|Mixed Platforms.Build.0 = Debug|Any CPU
		{C455FA11-B8C3-4F01-943F-B0E6EEB192C9}.Debug|x86.ActiveCfg = Debug|Any CPU
		{C455FA11-B8C3-4F01-943F-B0E6EEB192C9}.Debug|x86.Build.0 = Debug|Any CPU
		{C455FA11-B8C3-4F01-943F-B0E6EEB192C9}.Docs|Any CPU.ActiveCfg = Debug|Any CPU
		{C455FA11-B8C3-4F01-943F-B0E6EEB192C9}.Docs|Any CPU.Build.0 = Debug|Any CPU
		{C455FA11-B8C3-4F01-943F-B0E6EEB192C9}.Docs|MIPS.ActiveCfg = Debug|Any CPU
		{C455FA11-B8C3-4F01-943F-B0E6EEB192C9}.Docs|Mixed Platforms.ActiveCfg = Debug|Any CPU
		{C455FA11-B8C3-4F01-943F-B0E6EEB192C9}.Docs|Mixed Platforms.Build.0 = Debug|Any CPU
		{C455FA11-B8C3-4F01-943F-B0E6EEB192C9}.Docs|x86.ActiveCfg = Debug|Any CPU
		{C455FA11-B8C3-4F01-943F-B0E6EEB192C9}.Release|Any CPU.ActiveCfg = Release|Any CPU
		{C455FA11-B8C3-4F01-943F-B0E6EEB192C9}.Release|Any CPU.Build.0 = Release|Any CPU
		{C455FA11-B8C3-4F01-943F-B0E6EEB192C9}.Release|MIPS.ActiveCfg = Release|Any CPU
		{C455FA11-B8C3-4F01-943F-B0E6EEB192C9}.Release|Mixed Platforms.ActiveCfg = Release|Any CPU
		{C455FA11-B8C3-4F01-943F-B0E6EEB192C9}.Release|Mixed Platforms.Build.0 = Release|Any CPU
		{C455FA11-B8C3-4F01-943F-B0E6EEB192C9}.Release|x86.ActiveCfg = Release|Any CPU
		{5BFCBFB8-5C32-49E1-AEDD-E55B515DDF6E}.Debug|Any CPU.ActiveCfg = Debug|Any CPU
		{5BFCBFB8-5C32-49E1-AEDD-E55B515DDF6E}.Debug|Any CPU.Build.0 = Debug|Any CPU
		{5BFCBFB8-5C32-49E1-AEDD-E55B515DDF6E}.Debug|MIPS.ActiveCfg = Debug|Any CPU
		{5BFCBFB8-5C32-49E1-AEDD-E55B515DDF6E}.Debug|Mixed Platforms.ActiveCfg = Debug|Any CPU
		{5BFCBFB8-5C32-49E1-AEDD-E55B515DDF6E}.Debug|Mixed Platforms.Build.0 = Debug|Any CPU
		{5BFCBFB8-5C32-49E1-AEDD-E55B515DDF6E}.Debug|x86.ActiveCfg = Debug|Any CPU
		{5BFCBFB8-5C32-49E1-AEDD-E55B515DDF6E}.Debug|x86.Build.0 = Debug|Any CPU
		{5BFCBFB8-5C32-49E1-AEDD-E55B515DDF6E}.Docs|Any CPU.ActiveCfg = Debug|Any CPU
		{5BFCBFB8-5C32-49E1-AEDD-E55B515DDF6E}.Docs|Any CPU.Build.0 = Debug|Any CPU
		{5BFCBFB8-5C32-49E1-AEDD-E55B515DDF6E}.Docs|MIPS.ActiveCfg = Debug|Any CPU
		{5BFCBFB8-5C32-49E1-AEDD-E55B515DDF6E}.Docs|Mixed Platforms.ActiveCfg = Debug|Any CPU
		{5BFCBFB8-5C32-49E1-AEDD-E55B515DDF6E}.Docs|Mixed Platforms.Build.0 = Debug|Any CPU
		{5BFCBFB8-5C32-49E1-AEDD-E55B515DDF6E}.Docs|x86.ActiveCfg = Debug|Any CPU
		{5BFCBFB8-5C32-49E1-AEDD-E55B515DDF6E}.Release|Any CPU.ActiveCfg = Release|Any CPU
		{5BFCBFB8-5C32-49E1-AEDD-E55B515DDF6E}.Release|Any CPU.Build.0 = Release|Any CPU
		{5BFCBFB8-5C32-49E1-AEDD-E55B515DDF6E}.Release|MIPS.ActiveCfg = Release|Any CPU
		{5BFCBFB8-5C32-49E1-AEDD-E55B515DDF6E}.Release|Mixed Platforms.ActiveCfg = Release|Any CPU
		{5BFCBFB8-5C32-49E1-AEDD-E55B515DDF6E}.Release|Mixed Platforms.Build.0 = Release|Any CPU
		{5BFCBFB8-5C32-49E1-AEDD-E55B515DDF6E}.Release|x86.ActiveCfg = Release|Any CPU
		{63C61B22-F7FB-4DE2-8D25-73BC0D1DC04F}.Debug|Any CPU.ActiveCfg = Debug|x86
		{63C61B22-F7FB-4DE2-8D25-73BC0D1DC04F}.Debug|MIPS.ActiveCfg = Debug|MIPS
		{63C61B22-F7FB-4DE2-8D25-73BC0D1DC04F}.Debug|MIPS.Build.0 = Debug|MIPS
		{63C61B22-F7FB-4DE2-8D25-73BC0D1DC04F}.Debug|Mixed Platforms.ActiveCfg = Debug|x86
		{63C61B22-F7FB-4DE2-8D25-73BC0D1DC04F}.Debug|Mixed Platforms.Build.0 = Debug|x86
		{63C61B22-F7FB-4DE2-8D25-73BC0D1DC04F}.Debug|x86.ActiveCfg = Debug|x86
		{63C61B22-F7FB-4DE2-8D25-73BC0D1DC04F}.Debug|x86.Build.0 = Debug|x86
		{63C61B22-F7FB-4DE2-8D25-73BC0D1DC04F}.Docs|Any CPU.ActiveCfg = Docs|x86
		{63C61B22-F7FB-4DE2-8D25-73BC0D1DC04F}.Docs|MIPS.ActiveCfg = Docs|MIPS
		{63C61B22-F7FB-4DE2-8D25-73BC0D1DC04F}.Docs|MIPS.Build.0 = Docs|MIPS
		{63C61B22-F7FB-4DE2-8D25-73BC0D1DC04F}.Docs|Mixed Platforms.ActiveCfg = Docs|x86
		{63C61B22-F7FB-4DE2-8D25-73BC0D1DC04F}.Docs|Mixed Platforms.Build.0 = Docs|x86
		{63C61B22-F7FB-4DE2-8D25-73BC0D1DC04F}.Docs|x86.ActiveCfg = Docs|x86
		{63C61B22-F7FB-4DE2-8D25-73BC0D1DC04F}.Docs|x86.Build.0 = Docs|x86
		{63C61B22-F7FB-4DE2-8D25-73BC0D1DC04F}.Release|Any CPU.ActiveCfg = Release|x86
		{63C61B22-F7FB-4DE2-8D25-73BC0D1DC04F}.Release|MIPS.ActiveCfg = Release|MIPS
		{63C61B22-F7FB-4DE2-8D25-73BC0D1DC04F}.Release|MIPS.Build.0 = Release|MIPS
		{63C61B22-F7FB-4DE2-8D25-73BC0D1DC04F}.Release|Mixed Platforms.ActiveCfg = Release|x86
		{63C61B22-F7FB-4DE2-8D25-73BC0D1DC04F}.Release|Mixed Platforms.Build.0 = Release|x86
		{63C61B22-F7FB-4DE2-8D25-73BC0D1DC04F}.Release|x86.ActiveCfg = Release|x86
		{63C61B22-F7FB-4DE2-8D25-73BC0D1DC04F}.Release|x86.Build.0 = Release|x86
		{2D18C11E-3C86-4131-8DE9-C4385C9131B4}.Debug|Any CPU.ActiveCfg = Debug|x86
		{2D18C11E-3C86-4131-8DE9-C4385C9131B4}.Debug|MIPS.ActiveCfg = Debug|MIPS
		{2D18C11E-3C86-4131-8DE9-C4385C9131B4}.Debug|MIPS.Build.0 = Debug|MIPS
		{2D18C11E-3C86-4131-8DE9-C4385C9131B4}.Debug|Mixed Platforms.ActiveCfg = Debug|x86
		{2D18C11E-3C86-4131-8DE9-C4385C9131B4}.Debug|Mixed Platforms.Build.0 = Debug|x86
		{2D18C11E-3C86-4131-8DE9-C4385C9131B4}.Debug|x86.ActiveCfg = Debug|x86
		{2D18C11E-3C86-4131-8DE9-C4385C9131B4}.Debug|x86.Build.0 = Debug|x86
		{2D18C11E-3C86-4131-8DE9-C4385C9131B4}.Docs|Any CPU.ActiveCfg = Docs|x86
		{2D18C11E-3C86-4131-8DE9-C4385C9131B4}.Docs|MIPS.ActiveCfg = Docs|MIPS
		{2D18C11E-3C86-4131-8DE9-C4385C9131B4}.Docs|MIPS.Build.0 = Docs|MIPS
		{2D18C11E-3C86-4131-8DE9-C4385C9131B4}.Docs|Mixed Platforms.ActiveCfg = Docs|x86
		{2D18C11E-3C86-4131-8DE9-C4385C9131B4}.Docs|Mixed Platforms.Build.0 = Docs|x86
		{2D18C11E-3C86-4131-8DE9-C4385C9131B4}.Docs|x86.ActiveCfg = Docs|x86
		{2D18C11E-3C86-4131-8DE9-C4385C9131B4}.Docs|x86.Build.0 = Docs|x86
		{2D18C11E-3C86-4131-8DE9-C4385C9131B4}.Release|Any CPU.ActiveCfg = Release|x86
		{2D18C11E-3C86-4131-8DE9-C4385C9131B4}.Release|MIPS.ActiveCfg = Release|MIPS
		{2D18C11E-3C86-4131-8DE9-C4385C9131B4}.Release|MIPS.Build.0 = Release|MIPS
		{2D18C11E-3C86-4131-8DE9-C4385C9131B4}.Release|Mixed Platforms.ActiveCfg = Release|x86
		{2D18C11E-3C86-4131-8DE9-C4385C9131B4}.Release|Mixed Platforms.Build.0 = Release|x86
		{2D18C11E-3C86-4131-8DE9-C4385C9131B4}.Release|x86.ActiveCfg = Release|x86
		{2D18C11E-3C86-4131-8DE9-C4385C9131B4}.Release|x86.Build.0 = Release|x86
		{F7DE5AC3-C4AD-4240-91CE-87C1E5EB7B7E}.Debug|Any CPU.ActiveCfg = Debug|x86
		{F7DE5AC3-C4AD-4240-91CE-87C1E5EB7B7E}.Debug|MIPS.ActiveCfg = Debug|MIPS
		{F7DE5AC3-C4AD-4240-91CE-87C1E5EB7B7E}.Debug|MIPS.Build.0 = Debug|MIPS
		{F7DE5AC3-C4AD-4240-91CE-87C1E5EB7B7E}.Debug|Mixed Platforms.ActiveCfg = Debug|x86
		{F7DE5AC3-C4AD-4240-91CE-87C1E5EB7B7E}.Debug|Mixed Platforms.Build.0 = Debug|x86
		{F7DE5AC3-C4AD-4240-91CE-87C1E5EB7B7E}.Debug|x86.ActiveCfg = Debug|x86
		{F7DE5AC3-C4AD-4240-91CE-87C1E5EB7B7E}.Debug|x86.Build.0 = Debug|x86
		{F7DE5AC3-C4AD-4240-91CE-87C1E5EB7B7E}.Docs|Any CPU.ActiveCfg = Docs|x86
		{F7DE5AC3-C4AD-4240-91CE-87C1E5EB7B7E}.Docs|MIPS.ActiveCfg = Docs|MIPS
		{F7DE5AC3-C4AD-4240-91CE-87C1E5EB7B7E}.Docs|MIPS.Build.0 = Docs|MIPS
		{F7DE5AC3-C4AD-4240-91CE-87C1E5EB7B7E}.Docs|Mixed Platforms.ActiveCfg = Docs|x86
		{F7DE5AC3-C4AD-4240-91CE-87C1E5EB7B7E}.Docs|Mixed Platforms.Build.0 = Docs|x86
		{F7DE5AC3-C4AD-4240-91CE-87C1E5EB7B7E}.Docs|x86.ActiveCfg = Docs|x86
		{F7DE5AC3-C4AD-4240-91CE-87C1E5EB7B7E}.Docs|x86.Build.0 = Docs|x86
		{F7DE5AC3-C4AD-4240-91CE-87C1E5EB7B7E}.Release|Any CPU.ActiveCfg = Release|x86
		{F7DE5AC3-C4AD-4240-91CE-87C1E5EB7B7E}.Release|MIPS.ActiveCfg = Release|MIPS
		{F7DE5AC3-C4AD-4240-91CE-87C1E5EB7B7E}.Release|MIPS.Build.0 = Release|MIPS
		{F7DE5AC3-C4AD-4240-91CE-87C1E5EB7B7E}.Release|Mixed Platforms.ActiveCfg = Release|x86
		{F7DE5AC3-C4AD-4240-91CE-87C1E5EB7B7E}.Release|Mixed Platforms.Build.0 = Release|x86
		{F7DE5AC3-C4AD-4240-91CE-87C1E5EB7B7E}.Release|x86.ActiveCfg = Release|x86
		{F7DE5AC3-C4AD-4240-91CE-87C1E5EB7B7E}.Release|x86.Build.0 = Release|x86
		{2F9D1B2A-6CC2-45E2-BD36-BDF7AB8626B2}.Debug|Any CPU.ActiveCfg = Debug|x86
		{2F9D1B2A-6CC2-45E2-BD36-BDF7AB8626B2}.Debug|MIPS.ActiveCfg = Debug|MIPS
		{2F9D1B2A-6CC2-45E2-BD36-BDF7AB8626B2}.Debug|MIPS.Build.0 = Debug|MIPS
		{2F9D1B2A-6CC2-45E2-BD36-BDF7AB8626B2}.Debug|Mixed Platforms.ActiveCfg = Debug|x86
		{2F9D1B2A-6CC2-45E2-BD36-BDF7AB8626B2}.Debug|Mixed Platforms.Build.0 = Debug|x86
		{2F9D1B2A-6CC2-45E2-BD36-BDF7AB8626B2}.Debug|x86.ActiveCfg = Debug|x86
		{2F9D1B2A-6CC2-45E2-BD36-BDF7AB8626B2}.Debug|x86.Build.0 = Debug|x86
		{2F9D1B2A-6CC2-45E2-BD36-BDF7AB8626B2}.Docs|Any CPU.ActiveCfg = Docs|x86
		{2F9D1B2A-6CC2-45E2-BD36-BDF7AB8626B2}.Docs|MIPS.ActiveCfg = Docs|MIPS
		{2F9D1B2A-6CC2-45E2-BD36-BDF7AB8626B2}.Docs|MIPS.Build.0 = Docs|MIPS
		{2F9D1B2A-6CC2-45E2-BD36-BDF7AB8626B2}.Docs|Mixed Platforms.ActiveCfg = Docs|x86
		{2F9D1B2A-6CC2-45E2-BD36-BDF7AB8626B2}.Docs|Mixed Platforms.Build.0 = Docs|x86
		{2F9D1B2A-6CC2-45E2-BD36-BDF7AB8626B2}.Docs|x86.ActiveCfg = Docs|x86
		{2F9D1B2A-6CC2-45E2-BD36-BDF7AB8626B2}.Docs|x86.Build.0 = Docs|x86
		{2F9D1B2A-6CC2-45E2-BD36-BDF7AB8626B2}.Release|Any CPU.ActiveCfg = Release|x86
		{2F9D1B2A-6CC2-45E2-BD36-BDF7AB8626B2}.Release|MIPS.ActiveCfg = Release|MIPS
		{2F9D1B2A-6CC2-45E2-BD36-BDF7AB8626B2}.Release|MIPS.Build.0 = Release|MIPS
		{2F9D1B2A-6CC2-45E2-BD36-BDF7AB8626B2}.Release|Mixed Platforms.ActiveCfg = Release|x86
		{2F9D1B2A-6CC2-45E2-BD36-BDF7AB8626B2}.Release|Mixed Platforms.Build.0 = Release|x86
		{2F9D1B2A-6CC2-45E2-BD36-BDF7AB8626B2}.Release|x86.ActiveCfg = Release|x86
		{2F9D1B2A-6CC2-45E2-BD36-BDF7AB8626B2}.Release|x86.Build.0 = Release|x86
		{02D891E8-4AAA-48FA-8608-5135FB4DC493}.Debug|Any CPU.ActiveCfg = Debug|x86
		{02D891E8-4AAA-48FA-8608-5135FB4DC493}.Debug|MIPS.ActiveCfg = Debug|MIPS
		{02D891E8-4AAA-48FA-8608-5135FB4DC493}.Debug|MIPS.Build.0 = Debug|MIPS
		{02D891E8-4AAA-48FA-8608-5135FB4DC493}.Debug|Mixed Platforms.ActiveCfg = Debug|x86
		{02D891E8-4AAA-48FA-8608-5135FB4DC493}.Debug|Mixed Platforms.Build.0 = Debug|x86
		{02D891E8-4AAA-48FA-8608-5135FB4DC493}.Debug|x86.ActiveCfg = Debug|x86
		{02D891E8-4AAA-48FA-8608-5135FB4DC493}.Debug|x86.Build.0 = Debug|x86
		{02D891E8-4AAA-48FA-8608-5135FB4DC493}.Docs|Any CPU.ActiveCfg = Docs|x86
		{02D891E8-4AAA-48FA-8608-5135FB4DC493}.Docs|MIPS.ActiveCfg = Docs|MIPS
		{02D891E8-4AAA-48FA-8608-5135FB4DC493}.Docs|MIPS.Build.0 = Docs|MIPS
		{02D891E8-4AAA-48FA-8608-5135FB4DC493}.Docs|Mixed Platforms.ActiveCfg = Docs|x86
		{02D891E8-4AAA-48FA-8608-5135FB4DC493}.Docs|Mixed Platforms.Build.0 = Docs|x86
		{02D891E8-4AAA-48FA-8608-5135FB4DC493}.Docs|x86.ActiveCfg = Docs|x86
		{02D891E8-4AAA-48FA-8608-5135FB4DC493}.Docs|x86.Build.0 = Docs|x86
		{02D891E8-4AAA-48FA-8608-5135FB4DC493}.Release|Any CPU.ActiveCfg = Release|x86
		{02D891E8-4AAA-48FA-8608-5135FB4DC493}.Release|MIPS.ActiveCfg = Release|MIPS
		{02D891E8-4AAA-48FA-8608-5135FB4DC493}.Release|MIPS.Build.0 = Release|MIPS
		{02D891E8-4AAA-48FA-8608-5135FB4DC493}.Release|Mixed Platforms.ActiveCfg = Release|x86
		{02D891E8-4AAA-48FA-8608-5135FB4DC493}.Release|Mixed Platforms.Build.0 = Release|x86
		{02D891E8-4AAA-48FA-8608-5135FB4DC493}.Release|x86.ActiveCfg = Release|x86
		{02D891E8-4AAA-48FA-8608-5135FB4DC493}.Release|x86.Build.0 = Release|x86
		{F64A12DF-0514-4F93-90C7-5E86B0A35F86}.Debug|Any CPU.ActiveCfg = Debug|x86
		{F64A12DF-0514-4F93-90C7-5E86B0A35F86}.Debug|MIPS.ActiveCfg = Debug|MIPS
		{F64A12DF-0514-4F93-90C7-5E86B0A35F86}.Debug|MIPS.Build.0 = Debug|MIPS
		{F64A12DF-0514-4F93-90C7-5E86B0A35F86}.Debug|Mixed Platforms.ActiveCfg = Debug|x86
		{F64A12DF-0514-4F93-90C7-5E86B0A35F86}.Debug|Mixed Platforms.Build.0 = Debug|x86
		{F64A12DF-0514-4F93-90C7-5E86B0A35F86}.Debug|x86.ActiveCfg = Debug|x86
		{F64A12DF-0514-4F93-90C7-5E86B0A35F86}.Debug|x86.Build.0 = Debug|x86
		{F64A12DF-0514-4F93-90C7-5E86B0A35F86}.Docs|Any CPU.ActiveCfg = Docs|x86
		{F64A12DF-0514-4F93-90C7-5E86B0A35F86}.Docs|MIPS.ActiveCfg = Docs|MIPS
		{F64A12DF-0514-4F93-90C7-5E86B0A35F86}.Docs|MIPS.Build.0 = Docs|MIPS
		{F64A12DF-0514-4F93-90C7-5E86B0A35F86}.Docs|Mixed Platforms.ActiveCfg = Docs|x86
		{F64A12DF-0514-4F93-90C7-5E86B0A35F86}.Docs|Mixed Platforms.Build.0 = Docs|x86
		{F64A12DF-0514-4F93-90C7-5E86B0A35F86}.Docs|x86.ActiveCfg = Docs|x86
		{F64A12DF-0514-4F93-90C7-5E86B0A35F86}.Docs|x86.Build.0 = Docs|x86
		{F64A12DF-0514-4F93-90C7-5E86B0A35F86}.Release|Any CPU.ActiveCfg = Release|x86
		{F64A12DF-0514-4F93-90C7-5E86B0A35F86}.Release|MIPS.ActiveCfg = Release|MIPS
		{F64A12DF-0514-4F93-90C7-5E86B0A35F86}.Release|MIPS.Build.0 = Release|MIPS
		{F64A12DF-0514-4F93-90C7-5E86B0A35F86}.Release|Mixed Platforms.ActiveCfg = Release|x86
		{F64A12DF-0514-4F93-90C7-5E86B0A35F86}.Release|Mixed Platforms.Build.0 = Release|x86
		{F64A12DF-0514-4F93-90C7-5E86B0A35F86}.Release|x86.ActiveCfg = Release|x86
		{F64A12DF-0514-4F93-90C7-5E86B0A35F86}.Release|x86.Build.0 = Release|x86
		{F775CE64-881B-4E6F-B51B-2DCBF5FCC5F0}.Debug|Any CPU.ActiveCfg = Debug|x86
		{F775CE64-881B-4E6F-B51B-2DCBF5FCC5F0}.Debug|MIPS.ActiveCfg = Debug|MIPS
		{F775CE64-881B-4E6F-B51B-2DCBF5FCC5F0}.Debug|MIPS.Build.0 = Debug|MIPS
		{F775CE64-881B-4E6F-B51B-2DCBF5FCC5F0}.Debug|Mixed Platforms.ActiveCfg = Debug|x86
		{F775CE64-881B-4E6F-B51B-2DCBF5FCC5F0}.Debug|Mixed Platforms.Build.0 = Debug|x86
		{F775CE64-881B-4E6F-B51B-2DCBF5FCC5F0}.Debug|x86.ActiveCfg = Debug|x86
		{F775CE64-881B-4E6F-B51B-2DCBF5FCC5F0}.Debug|x86.Build.0 = Debug|x86
		{F775CE64-881B-4E6F-B51B-2DCBF5FCC5F0}.Docs|Any CPU.ActiveCfg = Docs|x86
		{F775CE64-881B-4E6F-B51B-2DCBF5FCC5F0}.Docs|MIPS.ActiveCfg = Docs|MIPS
		{F775CE64-881B-4E6F-B51B-2DCBF5FCC5F0}.Docs|MIPS.Build.0 = Docs|MIPS
		{F775CE64-881B-4E6F-B51B-2DCBF5FCC5F0}.Docs|Mixed Platforms.ActiveCfg = Docs|x86
		{F775CE64-881B-4E6F-B51B-2DCBF5FCC5F0}.Docs|Mixed Platforms.Build.0 = Docs|x86
		{F775CE64-881B-4E6F-B51B-2DCBF5FCC5F0}.Docs|x86.ActiveCfg = Docs|x86
		{F775CE64-881B-4E6F-B51B-2DCBF5FCC5F0}.Docs|x86.Build.0 = Docs|x86
		{F775CE64-881B-4E6F-B51B-2DCBF5FCC5F0}.Release|Any CPU.ActiveCfg = Release|x86
		{F775CE64-881B-4E6F-B51B-2DCBF5FCC5F0}.Release|MIPS.ActiveCfg = Release|MIPS
		{F775CE64-881B-4E6F-B51B-2DCBF5FCC5F0}.Release|MIPS.Build.0 = Release|MIPS
		{F775CE64-881B-4E6F-B51B-2DCBF5FCC5F0}.Release|Mixed Platforms.ActiveCfg = Release|x86
		{F775CE64-881B-4E6F-B51B-2DCBF5FCC5F0}.Release|Mixed Platforms.Build.0 = Release|x86
		{F775CE64-881B-4E6F-B51B-2DCBF5FCC5F0}.Release|x86.ActiveCfg = Release|x86
		{F775CE64-881B-4E6F-B51B-2DCBF5FCC5F0}.Release|x86.Build.0 = Release|x86
	EndGlobalSection
	GlobalSection(SolutionProperties) = preSolution
		HideSolutionNode = FALSE
	EndGlobalSection
	GlobalSection(NestedProjects) = preSolution
		{4D38C232-FA9C-4CB0-A91E-D0A9E0E01BF0} = {623B7546-CB66-4B2B-B730-D5A19AA558B0}
		{4A8B3E99-15F3-4567-BDDB-11F4057DC3BF} = {623B7546-CB66-4B2B-B730-D5A19AA558B0}
		{66C9B617-B6D9-4006-A7F9-E1DF62ED30AD} = {4A8B3E99-15F3-4567-BDDB-11F4057DC3BF}
		{E4076F67-686F-48E3-A5AF-55B841665F77} = {623B7546-CB66-4B2B-B730-D5A19AA558B0}
		{040B4922-9973-4BC6-B63D-11CE1389A86A} = {7B991AA0-9085-41C8-8A93-1F75F10A1CD6}
		{F59B042C-435D-48ED-AD7B-23666931A952} = {4A8B3E99-15F3-4567-BDDB-11F4057DC3BF}
		{C45DB19D-6041-46C9-B654-BE22EF79D3E5} = {9CC7D8B1-30B5-4099-ADAD-F32067871179}
		{A58080B9-2E1D-4F12-8ABA-35E4E6E4E3FE} = {C45DB19D-6041-46C9-B654-BE22EF79D3E5}
		{5C9FDB7D-604E-4927-9D3F-E2C599B20797} = {4A8B3E99-15F3-4567-BDDB-11F4057DC3BF}
		{AE35B438-A252-40E3-8DB1-AA6FD22AC156} = {4D38C232-FA9C-4CB0-A91E-D0A9E0E01BF0}
		{9D0BAF06-26B6-4A5A-9620-CC7EA227C904} = {E88A84A4-4FA0-4D4D-9523-C9A24CA4659C}
		{92D0A9FC-8A65-4D31-8A13-238D4854CF60} = {E88A84A4-4FA0-4D4D-9523-C9A24CA4659C}
		{8B0975AB-3B75-458D-94A6-2B263366661B} = {9D0BAF06-26B6-4A5A-9620-CC7EA227C904}
		{CDABF909-4548-46EA-9870-A5F79C890962} = {92D0A9FC-8A65-4D31-8A13-238D4854CF60}
		{F9DA529F-D53A-4F0C-9F45-7DDDDC648099} = {92D0A9FC-8A65-4D31-8A13-238D4854CF60}
		{EEBEC7B2-9F93-4A8A-BCB7-C9F8F79FA77E} = {8B0975AB-3B75-458D-94A6-2B263366661B}
		{1FB0E622-D2C6-4A5C-B5B6-D2BB5E502AF1} = {9D0BAF06-26B6-4A5A-9620-CC7EA227C904}
		{4E28A467-4D90-4315-9113-AE93F54280B0} = {9D0BAF06-26B6-4A5A-9620-CC7EA227C904}
		{4A6F3FA1-CA27-442A-AA2E-5C036A54209D} = {9D0BAF06-26B6-4A5A-9620-CC7EA227C904}
		{814EB441-89A3-4DF5-B99A-43639A690AF7} = {9CC7D8B1-30B5-4099-ADAD-F32067871179}
		{3E707BE6-FC33-434A-AAA7-B47D0D9AE499} = {C45DB19D-6041-46C9-B654-BE22EF79D3E5}
		{8B50B714-6428-4057-836D-E188C719365A} = {E88A84A4-4FA0-4D4D-9523-C9A24CA4659C}
		{B18EBB5F-CC63-43CD-BE7B-188901E2016A} = {8B0975AB-3B75-458D-94A6-2B263366661B}
		{50D9EA77-BE9C-4EDB-BC2D-BC4A8D9F9ABD} = {1A5BFB25-60C1-4E6B-8B97-0E142634929D}
		{03095491-B459-4477-8DFA-9E552467A10F} = {E88A84A4-4FA0-4D4D-9523-C9A24CA4659C}
		{C455FA11-B8C3-4F01-943F-B0E6EEB192C9} = {03095491-B459-4477-8DFA-9E552467A10F}
		{5BFCBFB8-5C32-49E1-AEDD-E55B515DDF6E} = {03095491-B459-4477-8DFA-9E552467A10F}
		{63C61B22-F7FB-4DE2-8D25-73BC0D1DC04F} = {4A8B3E99-15F3-4567-BDDB-11F4057DC3BF}
		{2D18C11E-3C86-4131-8DE9-C4385C9131B4} = {4A8B3E99-15F3-4567-BDDB-11F4057DC3BF}
		{F7DE5AC3-C4AD-4240-91CE-87C1E5EB7B7E} = {4A8B3E99-15F3-4567-BDDB-11F4057DC3BF}
		{2F9D1B2A-6CC2-45E2-BD36-BDF7AB8626B2} = {4A8B3E99-15F3-4567-BDDB-11F4057DC3BF}
		{02D891E8-4AAA-48FA-8608-5135FB4DC493} = {4A8B3E99-15F3-4567-BDDB-11F4057DC3BF}
		{F64A12DF-0514-4F93-90C7-5E86B0A35F86} = {4A8B3E99-15F3-4567-BDDB-11F4057DC3BF}
		{F775CE64-881B-4E6F-B51B-2DCBF5FCC5F0} = {4A8B3E99-15F3-4567-BDDB-11F4057DC3BF}
	EndGlobalSection
	GlobalSection(CodealikeProperties) = postSolution
		SolutionGuid = 66273eb9-d630-4692-8958-6fd85d2bfe5c
	EndGlobalSection
EndGlobal
